// !$*UTF8*$!
{
	archiveVersion = 1;
	classes = {
	};
	objectVersion = 50;
	objects = {

/* Begin PBXBuildFile section */
		5D84CFD926CFB6AC004F0004 /* network_traffic_filter.c in Sources */ = {isa = PBXBuildFile; fileRef = 5D84CFC526CFB6AC004F0004 /* network_traffic_filter.c */; };
		5D84CFDA26CFB6AC004F0004 /* header_encryption.c in Sources */ = {isa = PBXBuildFile; fileRef = 5D84CFC626CFB6AC004F0004 /* header_encryption.c */; };
		5D84CFDC26CFB6AC004F0004 /* wire.c in Sources */ = {isa = PBXBuildFile; fileRef = 5D84CFC826CFB6AC004F0004 /* wire.c */; };
		5D84CFDD26CFB6AC004F0004 /* sn_selection.c in Sources */ = {isa = PBXBuildFile; fileRef = 5D84CFC926CFB6AC004F0004 /* sn_selection.c */; };
		5D84CFDE26CFB6AC004F0004 /* random_numbers.c in Sources */ = {isa = PBXBuildFile; fileRef = 5D84CFCA26CFB6AC004F0004 /* random_numbers.c */; };
		5D84CFDF26CFB6AC004F0004 /* minilzo.c in Sources */ = {isa = PBXBuildFile; fileRef = 5D84CFCB26CFB6AC004F0004 /* minilzo.c */; };
		5D84CFE026CFB6AC004F0004 /* aes.c in Sources */ = {isa = PBXBuildFile; fileRef = 5D84CFCC26CFB6AC004F0004 /* aes.c */; };
		5D84CFE126CFB6AC004F0004 /* n2n_regex.c in Sources */ = {isa = PBXBuildFile; fileRef = 5D84CFCD26CFB6AC004F0004 /* n2n_regex.c */; };
		5D84CFE226CFB6AC004F0004 /* transform_aes.c in Sources */ = {isa = PBXBuildFile; fileRef = 5D84CFCE26CFB6AC004F0004 /* transform_aes.c */; };
		5D84CFE326CFB6AC004F0004 /* transform_cc20.c in Sources */ = {isa = PBXBuildFile; fileRef = 5D84CFCF26CFB6AC004F0004 /* transform_cc20.c */; };
		5D84CFE426CFB6AC004F0004 /* transform_null.c in Sources */ = {isa = PBXBuildFile; fileRef = 5D84CFD026CFB6AC004F0004 /* transform_null.c */; };
		5D84CFE526CFB6AC004F0004 /* pearson.c in Sources */ = {isa = PBXBuildFile; fileRef = 5D84CFD126CFB6AC004F0004 /* pearson.c */; };
		5D84CFE626CFB6AC004F0004 /* speck.c in Sources */ = {isa = PBXBuildFile; fileRef = 5D84CFD226CFB6AC004F0004 /* speck.c */; };
		5D84CFE726CFB6AC004F0004 /* n2n.c in Sources */ = {isa = PBXBuildFile; fileRef = 5D84CFD326CFB6AC004F0004 /* n2n.c */; };
		5D84CFE826CFB6AC004F0004 /* transform_speck.c in Sources */ = {isa = PBXBuildFile; fileRef = 5D84CFD426CFB6AC004F0004 /* transform_speck.c */; };
		5D84CFE926CFB6AC004F0004 /* cc20.c in Sources */ = {isa = PBXBuildFile; fileRef = 5D84CFD526CFB6AC004F0004 /* cc20.c */; };
		5D84CFEA26CFB6AC004F0004 /* tf.c in Sources */ = {isa = PBXBuildFile; fileRef = 5D84CFD626CFB6AC004F0004 /* tf.c */; };
		5D84CFEB26CFB6AC004F0004 /* transform_tf.c in Sources */ = {isa = PBXBuildFile; fileRef = 5D84CFD726CFB6AC004F0004 /* transform_tf.c */; };
		5D84CFEC26CFB6AC004F0004 /* edge_utils.c in Sources */ = {isa = PBXBuildFile; fileRef = 5D84CFD826CFB6AC004F0004 /* edge_utils.c */; };
		5D84D02E26CFBAA3004F0004 /* edge_ios_v3.c in Sources */ = {isa = PBXBuildFile; fileRef = 5D84D02D26CFBAA3004F0004 /* edge_ios_v3.c */; };
		5DE54FED26D09EE100435594 /* ios_tuntap.c in Sources */ = {isa = PBXBuildFile; fileRef = 5DE54FEC26D09EE100435594 /* ios_tuntap.c */; };
/* End PBXBuildFile section */

/* Begin PBXCopyFilesBuildPhase section */
		5D84CFB626CFB63A004F0004 /* CopyFiles */ = {
			isa = PBXCopyFilesBuildPhase;
			buildActionMask = 2147483647;
			dstPath = "include/$(PRODUCT_NAME)";
			dstSubfolderSpec = 16;
			files = (
			);
			runOnlyForDeploymentPostprocessing = 0;
		};
/* End PBXCopyFilesBuildPhase section */

/* Begin PBXFileReference section */
		5D84CFB826CFB63A004F0004 /* libn2n_ntop_v3.a */ = {isa = PBXFileReference; explicitFileType = archive.ar; includeInIndex = 0; path = libn2n_ntop_v3.a; sourceTree = BUILT_PRODUCTS_DIR; };
		5D84CFC526CFB6AC004F0004 /* network_traffic_filter.c */ = {isa = PBXFileReference; fileEncoding = 4; lastKnownFileType = sourcecode.c.c; name = network_traffic_filter.c; path = ../../bundles/n2n_ntop_v3/src/network_traffic_filter.c; sourceTree = "<group>"; };
		5D84CFC626CFB6AC004F0004 /* header_encryption.c */ = {isa = PBXFileReference; fileEncoding = 4; lastKnownFileType = sourcecode.c.c; name = header_encryption.c; path = ../../bundles/n2n_ntop_v3/src/header_encryption.c; sourceTree = "<group>"; };
		5D84CFC826CFB6AC004F0004 /* wire.c */ = {isa = PBXFileReference; fileEncoding = 4; lastKnownFileType = sourcecode.c.c; name = wire.c; path = ../../bundles/n2n_ntop_v3/src/wire.c; sourceTree = "<group>"; };
		5D84CFC926CFB6AC004F0004 /* sn_selection.c */ = {isa = PBXFileReference; fileEncoding = 4; lastKnownFileType = sourcecode.c.c; name = sn_selection.c; path = ../../bundles/n2n_ntop_v3/src/sn_selection.c; sourceTree = "<group>"; };
		5D84CFCA26CFB6AC004F0004 /* random_numbers.c */ = {isa = PBXFileReference; fileEncoding = 4; lastKnownFileType = sourcecode.c.c; name = random_numbers.c; path = ../../bundles/n2n_ntop_v3/src/random_numbers.c; sourceTree = "<group>"; };
		5D84CFCB26CFB6AC004F0004 /* minilzo.c */ = {isa = PBXFileReference; fileEncoding = 4; lastKnownFileType = sourcecode.c.c; name = minilzo.c; path = ../../bundles/n2n_ntop_v3/src/minilzo.c; sourceTree = "<group>"; };
		5D84CFCC26CFB6AC004F0004 /* aes.c */ = {isa = PBXFileReference; fileEncoding = 4; lastKnownFileType = sourcecode.c.c; name = aes.c; path = ../../bundles/n2n_ntop_v3/src/aes.c; sourceTree = "<group>"; };
		5D84CFCD26CFB6AC004F0004 /* n2n_regex.c */ = {isa = PBXFileReference; fileEncoding = 4; lastKnownFileType = sourcecode.c.c; name = n2n_regex.c; path = ../../bundles/n2n_ntop_v3/src/n2n_regex.c; sourceTree = "<group>"; };
		5D84CFCE26CFB6AC004F0004 /* transform_aes.c */ = {isa = PBXFileReference; fileEncoding = 4; lastKnownFileType = sourcecode.c.c; name = transform_aes.c; path = ../../bundles/n2n_ntop_v3/src/transform_aes.c; sourceTree = "<group>"; };
		5D84CFCF26CFB6AC004F0004 /* transform_cc20.c */ = {isa = PBXFileReference; fileEncoding = 4; lastKnownFileType = sourcecode.c.c; name = transform_cc20.c; path = ../../bundles/n2n_ntop_v3/src/transform_cc20.c; sourceTree = "<group>"; };
		5D84CFD026CFB6AC004F0004 /* transform_null.c */ = {isa = PBXFileReference; fileEncoding = 4; lastKnownFileType = sourcecode.c.c; name = transform_null.c; path = ../../bundles/n2n_ntop_v3/src/transform_null.c; sourceTree = "<group>"; };
		5D84CFD126CFB6AC004F0004 /* pearson.c */ = {isa = PBXFileReference; fileEncoding = 4; lastKnownFileType = sourcecode.c.c; name = pearson.c; path = ../../bundles/n2n_ntop_v3/src/pearson.c; sourceTree = "<group>"; };
		5D84CFD226CFB6AC004F0004 /* speck.c */ = {isa = PBXFileReference; fileEncoding = 4; lastKnownFileType = sourcecode.c.c; name = speck.c; path = ../../bundles/n2n_ntop_v3/src/speck.c; sourceTree = "<group>"; };
		5D84CFD326CFB6AC004F0004 /* n2n.c */ = {isa = PBXFileReference; fileEncoding = 4; lastKnownFileType = sourcecode.c.c; name = n2n.c; path = ../../bundles/n2n_ntop_v3/src/n2n.c; sourceTree = "<group>"; };
		5D84CFD426CFB6AC004F0004 /* transform_speck.c */ = {isa = PBXFileReference; fileEncoding = 4; lastKnownFileType = sourcecode.c.c; name = transform_speck.c; path = ../../bundles/n2n_ntop_v3/src/transform_speck.c; sourceTree = "<group>"; };
		5D84CFD526CFB6AC004F0004 /* cc20.c */ = {isa = PBXFileReference; fileEncoding = 4; lastKnownFileType = sourcecode.c.c; name = cc20.c; path = ../../bundles/n2n_ntop_v3/src/cc20.c; sourceTree = "<group>"; };
		5D84CFD626CFB6AC004F0004 /* tf.c */ = {isa = PBXFileReference; fileEncoding = 4; lastKnownFileType = sourcecode.c.c; name = tf.c; path = ../../bundles/n2n_ntop_v3/src/tf.c; sourceTree = "<group>"; };
		5D84CFD726CFB6AC004F0004 /* transform_tf.c */ = {isa = PBXFileReference; fileEncoding = 4; lastKnownFileType = sourcecode.c.c; name = transform_tf.c; path = ../../bundles/n2n_ntop_v3/src/transform_tf.c; sourceTree = "<group>"; };
		5D84CFD826CFB6AC004F0004 /* edge_utils.c */ = {isa = PBXFileReference; fileEncoding = 4; lastKnownFileType = sourcecode.c.c; name = edge_utils.c; path = ../../bundles/n2n_ntop_v3/src/edge_utils.c; sourceTree = "<group>"; };
		5D84CFEE26CFB704004F0004 /* config.h */ = {isa = PBXFileReference; fileEncoding = 4; lastKnownFileType = sourcecode.c.h; path = config.h; sourceTree = "<group>"; };
		5D84CFEF26CFB797004F0004 /* tf.h */ = {isa = PBXFileReference; fileEncoding = 4; lastKnownFileType = sourcecode.c.h; name = tf.h; path = ../../bundles/n2n_ntop_v3/include/tf.h; sourceTree = "<group>"; };
		5D84CFF026CFB797004F0004 /* speck.h */ = {isa = PBXFileReference; fileEncoding = 4; lastKnownFileType = sourcecode.c.h; name = speck.h; path = ../../bundles/n2n_ntop_v3/include/speck.h; sourceTree = "<group>"; };
		5D84CFF126CFB797004F0004 /* n2n.h */ = {isa = PBXFileReference; fileEncoding = 4; lastKnownFileType = sourcecode.c.h; name = n2n.h; path = ../../bundles/n2n_ntop_v3/include/n2n.h; sourceTree = "<group>"; };
		5D84CFF226CFB797004F0004 /* sn_selection.h */ = {isa = PBXFileReference; fileEncoding = 4; lastKnownFileType = sourcecode.c.h; name = sn_selection.h; path = ../../bundles/n2n_ntop_v3/include/sn_selection.h; sourceTree = "<group>"; };
		5D84CFF326CFB7B0004F0004 /* pearson.h */ = {isa = PBXFileReference; fileEncoding = 4; lastKnownFileType = sourcecode.c.h; name = pearson.h; path = ../../bundles/n2n_ntop_v3/include/pearson.h; sourceTree = "<group>"; };
		5D84CFF426CFB7D4004F0004 /* network_traffic_filter.h */ = {isa = PBXFileReference; fileEncoding = 4; lastKnownFileType = sourcecode.c.h; name = network_traffic_filter.h; path = ../../bundles/n2n_ntop_v3/include/network_traffic_filter.h; sourceTree = "<group>"; };
		5D84CFF526CFB7EF004F0004 /* minilzo.h */ = {isa = PBXFileReference; fileEncoding = 4; lastKnownFileType = sourcecode.c.h; name = minilzo.h; path = ../../bundles/n2n_ntop_v3/include/minilzo.h; sourceTree = "<group>"; };
		5D84D00B26CFB81C004F0004 /* uthash.h */ = {isa = PBXFileReference; fileEncoding = 4; lastKnownFileType = sourcecode.c.h; name = uthash.h; path = ../../bundles/n2n_ntop_v3/include/uthash.h; sourceTree = "<group>"; };
		5D84D02126CFB854004F0004 /* random_numbers.h */ = {isa = PBXFileReference; fileEncoding = 4; lastKnownFileType = sourcecode.c.h; name = random_numbers.h; path = ../../bundles/n2n_ntop_v3/include/random_numbers.h; sourceTree = "<group>"; };
		5D84D02226CFB872004F0004 /* n2n_typedefs.h */ = {isa = PBXFileReference; fileEncoding = 4; lastKnownFileType = sourcecode.c.h; name = n2n_typedefs.h; path = ../../bundles/n2n_ntop_v3/include/n2n_typedefs.h; sourceTree = "<group>"; };
		5D84D02326CFB872004F0004 /* n2n_wire.h */ = {isa = PBXFileReference; fileEncoding = 4; lastKnownFileType = sourcecode.c.h; name = n2n_wire.h; path = ../../bundles/n2n_ntop_v3/include/n2n_wire.h; sourceTree = "<group>"; };
		5D84D02426CFB872004F0004 /* n2n_define.h */ = {isa = PBXFileReference; fileEncoding = 4; lastKnownFileType = sourcecode.c.h; name = n2n_define.h; path = ../../bundles/n2n_ntop_v3/include/n2n_define.h; sourceTree = "<group>"; };
		5D84D02526CFB872004F0004 /* header_encryption.h */ = {isa = PBXFileReference; fileEncoding = 4; lastKnownFileType = sourcecode.c.h; name = header_encryption.h; path = ../../bundles/n2n_ntop_v3/include/header_encryption.h; sourceTree = "<group>"; };
		5D84D02626CFB872004F0004 /* aes.h */ = {isa = PBXFileReference; fileEncoding = 4; lastKnownFileType = sourcecode.c.h; name = aes.h; path = ../../bundles/n2n_ntop_v3/include/aes.h; sourceTree = "<group>"; };
		5D84D02726CFB872004F0004 /* portable_endian.h */ = {isa = PBXFileReference; fileEncoding = 4; lastKnownFileType = sourcecode.c.h; name = portable_endian.h; path = ../../bundles/n2n_ntop_v3/include/portable_endian.h; sourceTree = "<group>"; };
		5D84D02926CFB872004F0004 /* lzodefs.h */ = {isa = PBXFileReference; fileEncoding = 4; lastKnownFileType = sourcecode.c.h; name = lzodefs.h; path = ../../bundles/n2n_ntop_v3/include/lzodefs.h; sourceTree = "<group>"; };
		5D84D02A26CFB872004F0004 /* cc20.h */ = {isa = PBXFileReference; fileEncoding = 4; lastKnownFileType = sourcecode.c.h; name = cc20.h; path = ../../bundles/n2n_ntop_v3/include/cc20.h; sourceTree = "<group>"; };
		5D84D02B26CFB872004F0004 /* lzoconf.h */ = {isa = PBXFileReference; fileEncoding = 4; lastKnownFileType = sourcecode.c.h; name = lzoconf.h; path = ../../bundles/n2n_ntop_v3/include/lzoconf.h; sourceTree = "<group>"; };
		5D84D02C26CFB872004F0004 /* n2n_regex.h */ = {isa = PBXFileReference; fileEncoding = 4; lastKnownFileType = sourcecode.c.h; name = n2n_regex.h; path = ../../bundles/n2n_ntop_v3/include/n2n_regex.h; sourceTree = "<group>"; };
		5D84D02D26CFBAA3004F0004 /* edge_ios_v3.c */ = {isa = PBXFileReference; fileEncoding = 4; lastKnownFileType = sourcecode.c.c; path = edge_ios_v3.c; sourceTree = "<group>"; };
		5DE54FD526D0935400435594 /* libs_def.h */ = {isa = PBXFileReference; lastKnownFileType = sourcecode.c.h; name = libs_def.h; path = ../../hin2n/libs_def.h; sourceTree = "<group>"; };
		5DE54FEC26D09EE100435594 /* ios_tuntap.c */ = {isa = PBXFileReference; fileEncoding = 4; lastKnownFileType = sourcecode.c.c; name = ios_tuntap.c; path = ../../hin2n/ios_tuntap.c; sourceTree = "<group>"; };
		5DE54FFB26D0F23600435594 /* edge_utils_win32.h */ = {isa = PBXFileReference; lastKnownFileType = sourcecode.c.h; name = edge_utils_win32.h; path = ../../bundles/n2n_ntop_v3/include/edge_utils_win32.h; sourceTree = "<group>"; };
/* End PBXFileReference section */

/* Begin PBXFrameworksBuildPhase section */
		5D84CFB526CFB63A004F0004 /* Frameworks */ = {
			isa = PBXFrameworksBuildPhase;
			buildActionMask = 2147483647;
			files = (
			);
			runOnlyForDeploymentPostprocessing = 0;
		};
/* End PBXFrameworksBuildPhase section */

/* Begin PBXGroup section */
		5D84CFAF26CFB63A004F0004 = {
			isa = PBXGroup;
			children = (
				5D84CFED26CFB6CE004F0004 /* include */,
				5D84CFC426CFB647004F0004 /* src */,
				5D84CFB926CFB63A004F0004 /* Products */,
			);
			sourceTree = "<group>";
		};
		5D84CFB926CFB63A004F0004 /* Products */ = {
			isa = PBXGroup;
			children = (
				5D84CFB826CFB63A004F0004 /* libn2n_ntop_v3.a */,
			);
			name = Products;
			sourceTree = "<group>";
		};
		5D84CFC426CFB647004F0004 /* src */ = {
			isa = PBXGroup;
			children = (
				5DE54FEC26D09EE100435594 /* ios_tuntap.c */,
				5D84D02D26CFBAA3004F0004 /* edge_ios_v3.c */,
				5D84CFCC26CFB6AC004F0004 /* aes.c */,
				5D84CFD526CFB6AC004F0004 /* cc20.c */,
				5D84CFD826CFB6AC004F0004 /* edge_utils.c */,
				5D84CFC626CFB6AC004F0004 /* header_encryption.c */,
				5D84CFCB26CFB6AC004F0004 /* minilzo.c */,
				5D84CFCD26CFB6AC004F0004 /* n2n_regex.c */,
				5D84CFD326CFB6AC004F0004 /* n2n.c */,
				5D84CFC526CFB6AC004F0004 /* network_traffic_filter.c */,
				5D84CFD126CFB6AC004F0004 /* pearson.c */,
				5D84CFCA26CFB6AC004F0004 /* random_numbers.c */,
				5D84CFC926CFB6AC004F0004 /* sn_selection.c */,
				5D84CFD226CFB6AC004F0004 /* speck.c */,
				5D84CFD626CFB6AC004F0004 /* tf.c */,
				5D84CFCE26CFB6AC004F0004 /* transform_aes.c */,
				5D84CFCF26CFB6AC004F0004 /* transform_cc20.c */,
				5D84CFD026CFB6AC004F0004 /* transform_null.c */,
				5D84CFD426CFB6AC004F0004 /* transform_speck.c */,
				5D84CFD726CFB6AC004F0004 /* transform_tf.c */,
				5D84CFC826CFB6AC004F0004 /* wire.c */,
			);
			name = src;
			sourceTree = "<group>";
		};
		5D84CFED26CFB6CE004F0004 /* include */ = {
			isa = PBXGroup;
			children = (
				5DE54FFB26D0F23600435594 /* edge_utils_win32.h */,
				5D84D02626CFB872004F0004 /* aes.h */,
				5D84D02A26CFB872004F0004 /* cc20.h */,
				5D84CFEE26CFB704004F0004 /* config.h */,
				5D84D02526CFB872004F0004 /* header_encryption.h */,
				5DE54FD526D0935400435594 /* libs_def.h */,
				5D84D02B26CFB872004F0004 /* lzoconf.h */,
				5D84D02926CFB872004F0004 /* lzodefs.h */,
				5D84CFF526CFB7EF004F0004 /* minilzo.h */,
				5D84D02426CFB872004F0004 /* n2n_define.h */,
				5D84D02C26CFB872004F0004 /* n2n_regex.h */,
				5D84D02226CFB872004F0004 /* n2n_typedefs.h */,
				5D84D02326CFB872004F0004 /* n2n_wire.h */,
				5D84CFF126CFB797004F0004 /* n2n.h */,
				5D84CFF426CFB7D4004F0004 /* network_traffic_filter.h */,
				5D84CFF326CFB7B0004F0004 /* pearson.h */,
				5D84D02726CFB872004F0004 /* portable_endian.h */,
				5D84D02126CFB854004F0004 /* random_numbers.h */,
				5D84CFF226CFB797004F0004 /* sn_selection.h */,
				5D84CFF026CFB797004F0004 /* speck.h */,
				5D84CFEF26CFB797004F0004 /* tf.h */,
				5D84D00B26CFB81C004F0004 /* uthash.h */,
			);
			name = include;
			sourceTree = "<group>";
		};
/* End PBXGroup section */

/* Begin PBXNativeTarget section */
		5D84CFB726CFB63A004F0004 /* n2n_ntop_v3 */ = {
			isa = PBXNativeTarget;
			buildConfigurationList = 5D84CFC126CFB63A004F0004 /* Build configuration list for PBXNativeTarget "n2n_ntop_v3" */;
			buildPhases = (
				5D84CFB426CFB63A004F0004 /* Sources */,
				5D84CFB526CFB63A004F0004 /* Frameworks */,
				5D84CFB626CFB63A004F0004 /* CopyFiles */,
			);
			buildRules = (
			);
			dependencies = (
			);
			name = n2n_ntop_v3;
			productName = n2n_ntop_v3;
			productReference = 5D84CFB826CFB63A004F0004 /* libn2n_ntop_v3.a */;
			productType = "com.apple.product-type.library.static";
		};
/* End PBXNativeTarget section */

/* Begin PBXProject section */
		5D84CFB026CFB63A004F0004 /* Project object */ = {
			isa = PBXProject;
			attributes = {
				LastUpgradeCheck = 1250;
				TargetAttributes = {
					5D84CFB726CFB63A004F0004 = {
						CreatedOnToolsVersion = 12.5.1;
					};
				};
			};
			buildConfigurationList = 5D84CFB326CFB63A004F0004 /* Build configuration list for PBXProject "n2n_ntop_v3" */;
			compatibilityVersion = "Xcode 9.3";
			developmentRegion = en;
			hasScannedForEncodings = 0;
			knownRegions = (
				en,
				Base,
			);
			mainGroup = 5D84CFAF26CFB63A004F0004;
			productRefGroup = 5D84CFB926CFB63A004F0004 /* Products */;
			projectDirPath = "";
			projectRoot = "";
			targets = (
				5D84CFB726CFB63A004F0004 /* n2n_ntop_v3 */,
			);
		};
/* End PBXProject section */

/* Begin PBXSourcesBuildPhase section */
		5D84CFB426CFB63A004F0004 /* Sources */ = {
			isa = PBXSourcesBuildPhase;
			buildActionMask = 2147483647;
			files = (
				5D84CFD926CFB6AC004F0004 /* network_traffic_filter.c in Sources */,
				5DE54FED26D09EE100435594 /* ios_tuntap.c in Sources */,
				5D84CFE526CFB6AC004F0004 /* pearson.c in Sources */,
				5D84D02E26CFBAA3004F0004 /* edge_ios_v3.c in Sources */,
				5D84CFE826CFB6AC004F0004 /* transform_speck.c in Sources */,
				5D84CFE726CFB6AC004F0004 /* n2n.c in Sources */,
				5D84CFEB26CFB6AC004F0004 /* transform_tf.c in Sources */,
				5D84CFDD26CFB6AC004F0004 /* sn_selection.c in Sources */,
				5D84CFDF26CFB6AC004F0004 /* minilzo.c in Sources */,
				5D84CFE126CFB6AC004F0004 /* n2n_regex.c in Sources */,
				5D84CFE626CFB6AC004F0004 /* speck.c in Sources */,
				5D84CFEC26CFB6AC004F0004 /* edge_utils.c in Sources */,
				5D84CFEA26CFB6AC004F0004 /* tf.c in Sources */,
				5D84CFDE26CFB6AC004F0004 /* random_numbers.c in Sources */,
				5D84CFDC26CFB6AC004F0004 /* wire.c in Sources */,
				5D84CFE426CFB6AC004F0004 /* transform_null.c in Sources */,
				5D84CFE926CFB6AC004F0004 /* cc20.c in Sources */,
				5D84CFDA26CFB6AC004F0004 /* header_encryption.c in Sources */,
				5D84CFE226CFB6AC004F0004 /* transform_aes.c in Sources */,
				5D84CFE326CFB6AC004F0004 /* transform_cc20.c in Sources */,
				5D84CFE026CFB6AC004F0004 /* aes.c in Sources */,
			);
			runOnlyForDeploymentPostprocessing = 0;
		};
/* End PBXSourcesBuildPhase section */

/* Begin XCBuildConfiguration section */
		5D84CFBF26CFB63A004F0004 /* Debug */ = {
			isa = XCBuildConfiguration;
			buildSettings = {
				ALWAYS_SEARCH_USER_PATHS = NO;
				CLANG_ANALYZER_NONNULL = YES;
				CLANG_ANALYZER_NUMBER_OBJECT_CONVERSION = YES_AGGRESSIVE;
				CLANG_CXX_LANGUAGE_STANDARD = "gnu++14";
				CLANG_CXX_LIBRARY = "libc++";
				CLANG_ENABLE_MODULES = YES;
				CLANG_ENABLE_OBJC_ARC = YES;
				CLANG_ENABLE_OBJC_WEAK = YES;
				CLANG_WARN_BLOCK_CAPTURE_AUTORELEASING = YES;
				CLANG_WARN_BOOL_CONVERSION = YES;
				CLANG_WARN_COMMA = YES;
				CLANG_WARN_CONSTANT_CONVERSION = YES;
				CLANG_WARN_DEPRECATED_OBJC_IMPLEMENTATIONS = YES;
				CLANG_WARN_DIRECT_OBJC_ISA_USAGE = YES_ERROR;
				CLANG_WARN_DOCUMENTATION_COMMENTS = YES;
				CLANG_WARN_EMPTY_BODY = YES;
				CLANG_WARN_ENUM_CONVERSION = YES;
				CLANG_WARN_INFINITE_RECURSION = YES;
				CLANG_WARN_INT_CONVERSION = YES;
				CLANG_WARN_NON_LITERAL_NULL_CONVERSION = YES;
				CLANG_WARN_OBJC_IMPLICIT_RETAIN_SELF = YES;
				CLANG_WARN_OBJC_LITERAL_CONVERSION = YES;
				CLANG_WARN_OBJC_ROOT_CLASS = YES_ERROR;
				CLANG_WARN_QUOTED_INCLUDE_IN_FRAMEWORK_HEADER = YES;
				CLANG_WARN_RANGE_LOOP_ANALYSIS = YES;
				CLANG_WARN_STRICT_PROTOTYPES = YES;
				CLANG_WARN_SUSPICIOUS_MOVE = YES;
				CLANG_WARN_UNGUARDED_AVAILABILITY = YES_AGGRESSIVE;
				CLANG_WARN_UNREACHABLE_CODE = YES;
				CLANG_WARN__DUPLICATE_METHOD_MATCH = YES;
				COPY_PHASE_STRIP = NO;
				DEBUG_INFORMATION_FORMAT = dwarf;
				ENABLE_STRICT_OBJC_MSGSEND = YES;
				ENABLE_TESTABILITY = YES;
				GCC_C_LANGUAGE_STANDARD = gnu11;
				GCC_DYNAMIC_NO_PIC = NO;
				GCC_NO_COMMON_BLOCKS = YES;
				GCC_OPTIMIZATION_LEVEL = 0;
				GCC_PREPROCESSOR_DEFINITIONS = (
					"DEBUG=1",
					"$(inherited)",
				);
				GCC_WARN_64_TO_32_BIT_CONVERSION = YES;
				GCC_WARN_ABOUT_RETURN_TYPE = YES_ERROR;
				GCC_WARN_UNDECLARED_SELECTOR = YES;
				GCC_WARN_UNINITIALIZED_AUTOS = YES_AGGRESSIVE;
				GCC_WARN_UNUSED_FUNCTION = YES;
				GCC_WARN_UNUSED_VARIABLE = YES;
				IPHONEOS_DEPLOYMENT_TARGET = 14.5;
				MTL_ENABLE_DEBUG_INFO = INCLUDE_SOURCE;
				MTL_FAST_MATH = YES;
				ONLY_ACTIVE_ARCH = YES;
				SDKROOT = iphoneos;
				USER_HEADER_SEARCH_PATHS = (
					"\"$(SRCROOT)/../../bundles/uip\"",
					"\"$(SRCROOT)/../../bundles/tun2tap\"",
				);
			};
			name = Debug;
		};
		5D84CFC026CFB63A004F0004 /* Release */ = {
			isa = XCBuildConfiguration;
			buildSettings = {
				ALWAYS_SEARCH_USER_PATHS = NO;
				CLANG_ANALYZER_NONNULL = YES;
				CLANG_ANALYZER_NUMBER_OBJECT_CONVERSION = YES_AGGRESSIVE;
				CLANG_CXX_LANGUAGE_STANDARD = "gnu++14";
				CLANG_CXX_LIBRARY = "libc++";
				CLANG_ENABLE_MODULES = YES;
				CLANG_ENABLE_OBJC_ARC = YES;
				CLANG_ENABLE_OBJC_WEAK = YES;
				CLANG_WARN_BLOCK_CAPTURE_AUTORELEASING = YES;
				CLANG_WARN_BOOL_CONVERSION = YES;
				CLANG_WARN_COMMA = YES;
				CLANG_WARN_CONSTANT_CONVERSION = YES;
				CLANG_WARN_DEPRECATED_OBJC_IMPLEMENTATIONS = YES;
				CLANG_WARN_DIRECT_OBJC_ISA_USAGE = YES_ERROR;
				CLANG_WARN_DOCUMENTATION_COMMENTS = YES;
				CLANG_WARN_EMPTY_BODY = YES;
				CLANG_WARN_ENUM_CONVERSION = YES;
				CLANG_WARN_INFINITE_RECURSION = YES;
				CLANG_WARN_INT_CONVERSION = YES;
				CLANG_WARN_NON_LITERAL_NULL_CONVERSION = YES;
				CLANG_WARN_OBJC_IMPLICIT_RETAIN_SELF = YES;
				CLANG_WARN_OBJC_LITERAL_CONVERSION = YES;
				CLANG_WARN_OBJC_ROOT_CLASS = YES_ERROR;
				CLANG_WARN_QUOTED_INCLUDE_IN_FRAMEWORK_HEADER = YES;
				CLANG_WARN_RANGE_LOOP_ANALYSIS = YES;
				CLANG_WARN_STRICT_PROTOTYPES = YES;
				CLANG_WARN_SUSPICIOUS_MOVE = YES;
				CLANG_WARN_UNGUARDED_AVAILABILITY = YES_AGGRESSIVE;
				CLANG_WARN_UNREACHABLE_CODE = YES;
				CLANG_WARN__DUPLICATE_METHOD_MATCH = YES;
				COPY_PHASE_STRIP = NO;
				DEBUG_INFORMATION_FORMAT = "dwarf-with-dsym";
				ENABLE_NS_ASSERTIONS = NO;
				ENABLE_STRICT_OBJC_MSGSEND = YES;
				GCC_C_LANGUAGE_STANDARD = gnu11;
				GCC_NO_COMMON_BLOCKS = YES;
				GCC_WARN_64_TO_32_BIT_CONVERSION = YES;
				GCC_WARN_ABOUT_RETURN_TYPE = YES_ERROR;
				GCC_WARN_UNDECLARED_SELECTOR = YES;
				GCC_WARN_UNINITIALIZED_AUTOS = YES_AGGRESSIVE;
				GCC_WARN_UNUSED_FUNCTION = YES;
				GCC_WARN_UNUSED_VARIABLE = YES;
				IPHONEOS_DEPLOYMENT_TARGET = 14.5;
				MTL_ENABLE_DEBUG_INFO = NO;
				MTL_FAST_MATH = YES;
				SDKROOT = iphoneos;
				USER_HEADER_SEARCH_PATHS = (
					"\"$(SRCROOT)/../../bundles/uip\"",
					"\"$(SRCROOT)/../../bundles/tun2tap\"",
				);
				VALIDATE_PRODUCT = YES;
			};
			name = Release;
		};
		5D84CFC226CFB63A004F0004 /* Debug */ = {
			isa = XCBuildConfiguration;
			buildSettings = {
				CODE_SIGN_STYLE = Automatic;
				DEPLOYMENT_POSTPROCESSING = YES;
				DEVELOPMENT_TEAM = RUP2XU98DD;
				GCC_PREPROCESSOR_DEFINITIONS = (
					"$(inherited)",
					"DEBUG=1",
					"GIT_RELEASE=\"\\\"1.0\\\"\"",
					"PACKAGE_OSNAME=\"\\\"iOS\\\"\"",
					"PACKAGE_VERSION=\"\\\"2.9.0\\\"\"",
					N2N_HAVE_AES,
					HAVE_OPENSSL_1_1,
				);
				GCC_SYMBOLS_PRIVATE_EXTERN = YES;
				GENERATE_MASTER_OBJECT_FILE = YES;
				HEADER_SEARCH_PATHS = "\"$(SRCROOT)/../../openssl/include\"";
				IPHONEOS_DEPLOYMENT_TARGET = 9.0;
				OTHER_CFLAGS = "-fvisibility=hidden";
				OTHER_LDFLAGS = "-ObjC";
				PRODUCT_NAME = "$(TARGET_NAME)";
				SKIP_INSTALL = YES;
				STRIP_STYLE = "non-global";
				TARGETED_DEVICE_FAMILY = "1,2";
			};
			name = Debug;
		};
		5D84CFC326CFB63A004F0004 /* Release */ = {
			isa = XCBuildConfiguration;
			buildSettings = {
				CODE_SIGN_STYLE = Automatic;
				DEPLOYMENT_POSTPROCESSING = YES;
				DEVELOPMENT_TEAM = RUP2XU98DD;
				GCC_PREPROCESSOR_DEFINITIONS = (
					"$(inherited)",
					"GIT_RELEASE=\"\\\"1.0\\\"\"",
					"PACKAGE_OSNAME=\"\\\"iOS\\\"\"",
					"PACKAGE_VERSION=\"\\\"2.9.0\\\"\"",
					N2N_HAVE_AES,
					HAVE_OPENSSL_1_1,
				);
				GCC_SYMBOLS_PRIVATE_EXTERN = YES;
				GENERATE_MASTER_OBJECT_FILE = YES;
				HEADER_SEARCH_PATHS = "\"$(SRCROOT)/../../openssl/include\"";
				IPHONEOS_DEPLOYMENT_TARGET = 9.0;
				OTHER_CFLAGS = "-fvisibility=hidden";
				OTHER_LDFLAGS = "-ObjC";
				PRODUCT_NAME = "$(TARGET_NAME)";
				SKIP_INSTALL = YES;
				STRIP_STYLE = "non-global";
				TARGETED_DEVICE_FAMILY = "1,2";
			};
			name = Release;
		};
/* End XCBuildConfiguration section */

/* Begin XCConfigurationList section */
		5D84CFB326CFB63A004F0004 /* Build configuration list for PBXProject "n2n_ntop_v3" */ = {
			isa = XCConfigurationList;
			buildConfigurations = (
				5D84CFBF26CFB63A004F0004 /* Debug */,
				5D84CFC026CFB63A004F0004 /* Release */,
			);
			defaultConfigurationIsVisible = 0;
			defaultConfigurationName = Release;
		};
		5D84CFC126CFB63A004F0004 /* Build configuration list for PBXNativeTarget "n2n_ntop_v3" */ = {
			isa = XCConfigurationList;
			buildConfigurations = (
				5D84CFC226CFB63A004F0004 /* Debug */,
				5D84CFC326CFB63A004F0004 /* Release */,
			);
			defaultConfigurationIsVisible = 0;
			defaultConfigurationName = Release;
		};
/* End XCConfigurationList section */
	};
	rootObject = 5D84CFB026CFB63A004F0004 /* Project object */;
}
