// !$*UTF8*$!
{
	archiveVersion = 1;
	classes = {
	};
	objectVersion = 50;
	objects = {

/* Begin PBXBuildFile section */
		5DE54F8826D08D6500435594 /* transform_speck.c in Sources */ = {isa = PBXBuildFile; fileRef = 5DE54F7B26D08D6500435594 /* transform_speck.c */; };
		5DE54F8926D08D6500435594 /* pearson.c in Sources */ = {isa = PBXBuildFile; fileRef = 5DE54F7C26D08D6500435594 /* pearson.c */; };
		5DE54F8A26D08D6500435594 /* random_numbers.c in Sources */ = {isa = PBXBuildFile; fileRef = 5DE54F7D26D08D6500435594 /* random_numbers.c */; };
		5DE54F8B26D08D6500435594 /* n2n.c in Sources */ = {isa = PBXBuildFile; fileRef = 5DE54F7E26D08D6500435594 /* n2n.c */; };
		5DE54F8C26D08D6500435594 /* edge_utils.c in Sources */ = {isa = PBXBuildFile; fileRef = 5DE54F7F26D08D6500435594 /* edge_utils.c */; };
		5DE54F8D26D08D6500435594 /* transform_null.c in Sources */ = {isa = PBXBuildFile; fileRef = 5DE54F8026D08D6500435594 /* transform_null.c */; };
		5DE54F8E26D08D6500435594 /* speck.c in Sources */ = {isa = PBXBuildFile; fileRef = 5DE54F8126D08D6500435594 /* speck.c */; };
		5DE54F8F26D08D6500435594 /* twofish.c in Sources */ = {isa = PBXBuildFile; fileRef = 5DE54F8226D08D6500435594 /* twofish.c */; };
		5DE54F9026D08D6500435594 /* transform_aes.c in Sources */ = {isa = PBXBuildFile; fileRef = 5DE54F8326D08D6500435594 /* transform_aes.c */; };
		5DE54F9126D08D6500435594 /* transform_tf.c in Sources */ = {isa = PBXBuildFile; fileRef = 5DE54F8426D08D6500435594 /* transform_tf.c */; };
		5DE54F9226D08D6500435594 /* transform_cc20.c in Sources */ = {isa = PBXBuildFile; fileRef = 5DE54F8526D08D6500435594 /* transform_cc20.c */; };
		5DE54F9326D08D6500435594 /* wire.c in Sources */ = {isa = PBXBuildFile; fileRef = 5DE54F8626D08D6500435594 /* wire.c */; };
		5DE54F9426D08D6500435594 /* minilzo.c in Sources */ = {isa = PBXBuildFile; fileRef = 5DE54F8726D08D6500435594 /* minilzo.c */; };
		5DE54FB726D08DFC00435594 /* edge_ios_v2.c in Sources */ = {isa = PBXBuildFile; fileRef = 5DE54FB626D08DFC00435594 /* edge_ios_v2.c */; };
		5DE54FEB26D09ECE00435594 /* ios_tuntap.c in Sources */ = {isa = PBXBuildFile; fileRef = 5DE54FEA26D09ECE00435594 /* ios_tuntap.c */; };
		993D86D926F876E40056EDB9 /* header_encryption.c in Sources */ = {isa = PBXBuildFile; fileRef = 993D86D826F876E40056EDB9 /* header_encryption.c */; };
/* End PBXBuildFile section */

/* Begin PBXCopyFilesBuildPhase section */
		5DE54F6C26D08D1B00435594 /* CopyFiles */ = {
			isa = PBXCopyFilesBuildPhase;
			buildActionMask = 2147483647;
			dstPath = "include/$(PRODUCT_NAME)";
			dstSubfolderSpec = 16;
			files = (
			);
			runOnlyForDeploymentPostprocessing = 0;
		};
/* End PBXCopyFilesBuildPhase section */

/* Begin PBXFileReference section */
		5DE54F6E26D08D1B00435594 /* libn2n_ntop_v2.a */ = {isa = PBXFileReference; explicitFileType = archive.ar; includeInIndex = 0; path = libn2n_ntop_v2.a; sourceTree = BUILT_PRODUCTS_DIR; };
		5DE54F7B26D08D6500435594 /* transform_speck.c */ = {isa = PBXFileReference; fileEncoding = 4; lastKnownFileType = sourcecode.c.c; name = transform_speck.c; path = ../../bundles/n2n_ntop_v2/src/transform_speck.c; sourceTree = "<group>"; };
		5DE54F7C26D08D6500435594 /* pearson.c */ = {isa = PBXFileReference; fileEncoding = 4; lastKnownFileType = sourcecode.c.c; name = pearson.c; path = ../../bundles/n2n_ntop_v2/src/pearson.c; sourceTree = "<group>"; };
		5DE54F7D26D08D6500435594 /* random_numbers.c */ = {isa = PBXFileReference; fileEncoding = 4; lastKnownFileType = sourcecode.c.c; name = random_numbers.c; path = ../../bundles/n2n_ntop_v2/src/random_numbers.c; sourceTree = "<group>"; };
		5DE54F7E26D08D6500435594 /* n2n.c */ = {isa = PBXFileReference; fileEncoding = 4; lastKnownFileType = sourcecode.c.c; name = n2n.c; path = ../../bundles/n2n_ntop_v2/src/n2n.c; sourceTree = "<group>"; };
		5DE54F7F26D08D6500435594 /* edge_utils.c */ = {isa = PBXFileReference; fileEncoding = 4; lastKnownFileType = sourcecode.c.c; name = edge_utils.c; path = ../../bundles/n2n_ntop_v2/src/edge_utils.c; sourceTree = "<group>"; };
		5DE54F8026D08D6500435594 /* transform_null.c */ = {isa = PBXFileReference; fileEncoding = 4; lastKnownFileType = sourcecode.c.c; name = transform_null.c; path = ../../bundles/n2n_ntop_v2/src/transform_null.c; sourceTree = "<group>"; };
		5DE54F8126D08D6500435594 /* speck.c */ = {isa = PBXFileReference; fileEncoding = 4; lastKnownFileType = sourcecode.c.c; name = speck.c; path = ../../bundles/n2n_ntop_v2/src/speck.c; sourceTree = "<group>"; };
		5DE54F8226D08D6500435594 /* twofish.c */ = {isa = PBXFileReference; fileEncoding = 4; lastKnownFileType = sourcecode.c.c; name = twofish.c; path = ../../bundles/n2n_ntop_v2/src/twofish.c; sourceTree = "<group>"; };
		5DE54F8326D08D6500435594 /* transform_aes.c */ = {isa = PBXFileReference; fileEncoding = 4; lastKnownFileType = sourcecode.c.c; name = transform_aes.c; path = ../../bundles/n2n_ntop_v2/src/transform_aes.c; sourceTree = "<group>"; };
		5DE54F8426D08D6500435594 /* transform_tf.c */ = {isa = PBXFileReference; fileEncoding = 4; lastKnownFileType = sourcecode.c.c; name = transform_tf.c; path = ../../bundles/n2n_ntop_v2/src/transform_tf.c; sourceTree = "<group>"; };
		5DE54F8526D08D6500435594 /* transform_cc20.c */ = {isa = PBXFileReference; fileEncoding = 4; lastKnownFileType = sourcecode.c.c; name = transform_cc20.c; path = ../../bundles/n2n_ntop_v2/src/transform_cc20.c; sourceTree = "<group>"; };
		5DE54F8626D08D6500435594 /* wire.c */ = {isa = PBXFileReference; fileEncoding = 4; lastKnownFileType = sourcecode.c.c; name = wire.c; path = ../../bundles/n2n_ntop_v2/src/wire.c; sourceTree = "<group>"; };
		5DE54F8726D08D6500435594 /* minilzo.c */ = {isa = PBXFileReference; fileEncoding = 4; lastKnownFileType = sourcecode.c.c; name = minilzo.c; path = ../../bundles/n2n_ntop_v2/src/minilzo.c; sourceTree = "<group>"; };
		5DE54FA626D08D9100435594 /* n2n.h */ = {isa = PBXFileReference; fileEncoding = 4; lastKnownFileType = sourcecode.c.h; name = n2n.h; path = ../../bundles/n2n_ntop_v2/include/n2n.h; sourceTree = "<group>"; };
		5DE54FA726D08D9100435594 /* speck.h */ = {isa = PBXFileReference; fileEncoding = 4; lastKnownFileType = sourcecode.c.h; name = speck.h; path = ../../bundles/n2n_ntop_v2/include/speck.h; sourceTree = "<group>"; };
		5DE54FA826D08D9100435594 /* portable_endian.h */ = {isa = PBXFileReference; fileEncoding = 4; lastKnownFileType = sourcecode.c.h; name = portable_endian.h; path = ../../bundles/n2n_ntop_v2/include/portable_endian.h; sourceTree = "<group>"; };
		5DE54FA926D08D9100435594 /* n2n_define.h */ = {isa = PBXFileReference; fileEncoding = 4; lastKnownFileType = sourcecode.c.h; name = n2n_define.h; path = ../../bundles/n2n_ntop_v2/include/n2n_define.h; sourceTree = "<group>"; };
		5DE54FAA26D08D9100435594 /* pearson.h */ = {isa = PBXFileReference; fileEncoding = 4; lastKnownFileType = sourcecode.c.h; name = pearson.h; path = ../../bundles/n2n_ntop_v2/include/pearson.h; sourceTree = "<group>"; };
		5DE54FAB26D08D9100435594 /* n2n_wire.h */ = {isa = PBXFileReference; fileEncoding = 4; lastKnownFileType = sourcecode.c.h; name = n2n_wire.h; path = ../../bundles/n2n_ntop_v2/include/n2n_wire.h; sourceTree = "<group>"; };
		5DE54FAC26D08D9100435594 /* edge_utils_win32.h */ = {isa = PBXFileReference; fileEncoding = 4; lastKnownFileType = sourcecode.c.h; name = edge_utils_win32.h; path = ../../bundles/n2n_ntop_v2/include/edge_utils_win32.h; sourceTree = "<group>"; };
		5DE54FAD26D08D9100435594 /* lzodefs.h */ = {isa = PBXFileReference; fileEncoding = 4; lastKnownFileType = sourcecode.c.h; name = lzodefs.h; path = ../../bundles/n2n_ntop_v2/include/lzodefs.h; sourceTree = "<group>"; };
		5DE54FAE26D08D9100435594 /* header_encryption.h */ = {isa = PBXFileReference; fileEncoding = 4; lastKnownFileType = sourcecode.c.h; name = header_encryption.h; path = ../../bundles/n2n_ntop_v2/include/header_encryption.h; sourceTree = "<group>"; };
		5DE54FAF26D08D9100435594 /* minilzo.h */ = {isa = PBXFileReference; fileEncoding = 4; lastKnownFileType = sourcecode.c.h; name = minilzo.h; path = ../../bundles/n2n_ntop_v2/include/minilzo.h; sourceTree = "<group>"; };
		5DE54FB026D08D9100435594 /* random_numbers.h */ = {isa = PBXFileReference; fileEncoding = 4; lastKnownFileType = sourcecode.c.h; name = random_numbers.h; path = ../../bundles/n2n_ntop_v2/include/random_numbers.h; sourceTree = "<group>"; };
		5DE54FB126D08D9100435594 /* twofish.h */ = {isa = PBXFileReference; fileEncoding = 4; lastKnownFileType = sourcecode.c.h; name = twofish.h; path = ../../bundles/n2n_ntop_v2/include/twofish.h; sourceTree = "<group>"; };
		5DE54FB226D08D9100435594 /* uthash.h */ = {isa = PBXFileReference; fileEncoding = 4; lastKnownFileType = sourcecode.c.h; name = uthash.h; path = ../../bundles/n2n_ntop_v2/include/uthash.h; sourceTree = "<group>"; };
		5DE54FB326D08D9100435594 /* n2n_transforms.h */ = {isa = PBXFileReference; fileEncoding = 4; lastKnownFileType = sourcecode.c.h; name = n2n_transforms.h; path = ../../bundles/n2n_ntop_v2/include/n2n_transforms.h; sourceTree = "<group>"; };
		5DE54FB426D08D9100435594 /* lzoconf.h */ = {isa = PBXFileReference; fileEncoding = 4; lastKnownFileType = sourcecode.c.h; name = lzoconf.h; path = ../../bundles/n2n_ntop_v2/include/lzoconf.h; sourceTree = "<group>"; };
		5DE54FB626D08DFC00435594 /* edge_ios_v2.c */ = {isa = PBXFileReference; fileEncoding = 4; lastKnownFileType = sourcecode.c.c; path = edge_ios_v2.c; sourceTree = "<group>"; };
		5DE54FB926D08EC400435594 /* config.h */ = {isa = PBXFileReference; fileEncoding = 4; lastKnownFileType = sourcecode.c.h; path = config.h; sourceTree = "<group>"; };
		5DE54FD626D0938A00435594 /* libs_def.h */ = {isa = PBXFileReference; lastKnownFileType = sourcecode.c.h; name = libs_def.h; path = ../../hin2n/libs_def.h; sourceTree = "<group>"; };
		5DE54FEA26D09ECE00435594 /* ios_tuntap.c */ = {isa = PBXFileReference; fileEncoding = 4; lastKnownFileType = sourcecode.c.c; name = ios_tuntap.c; path = ../../hin2n/ios_tuntap.c; sourceTree = "<group>"; };
		993D86D826F876E40056EDB9 /* header_encryption.c */ = {isa = PBXFileReference; fileEncoding = 4; lastKnownFileType = sourcecode.c.c; name = header_encryption.c; path = ../../bundles/n2n_ntop_v2/src/header_encryption.c; sourceTree = "<group>"; };
/* End PBXFileReference section */

/* Begin PBXFrameworksBuildPhase section */
		5DE54F6B26D08D1B00435594 /* Frameworks */ = {
			isa = PBXFrameworksBuildPhase;
			buildActionMask = 2147483647;
			files = (
			);
			runOnlyForDeploymentPostprocessing = 0;
		};
/* End PBXFrameworksBuildPhase section */

/* Begin PBXGroup section */
		5DE54F6526D08D1B00435594 = {
			isa = PBXGroup;
			children = (
				5DE54F9526D08D6D00435594 /* include */,
				5DE54F7A26D08D2E00435594 /* src */,
				5DE54F6F26D08D1B00435594 /* Products */,
			);
			sourceTree = "<group>";
		};
		5DE54F6F26D08D1B00435594 /* Products */ = {
			isa = PBXGroup;
			children = (
				5DE54F6E26D08D1B00435594 /* libn2n_ntop_v2.a */,
			);
			name = Products;
			sourceTree = "<group>";
		};
		5DE54F7A26D08D2E00435594 /* src */ = {
			isa = PBXGroup;
			children = (
				993D86D826F876E40056EDB9 /* header_encryption.c */,
				5DE54FEA26D09ECE00435594 /* ios_tuntap.c */,
				5DE54FB626D08DFC00435594 /* edge_ios_v2.c */,
				5DE54F7F26D08D6500435594 /* edge_utils.c */,
				5DE54F8726D08D6500435594 /* minilzo.c */,
				5DE54F7E26D08D6500435594 /* n2n.c */,
				5DE54F7C26D08D6500435594 /* pearson.c */,
				5DE54F7D26D08D6500435594 /* random_numbers.c */,
				5DE54F8126D08D6500435594 /* speck.c */,
				5DE54F8326D08D6500435594 /* transform_aes.c */,
				5DE54F8526D08D6500435594 /* transform_cc20.c */,
				5DE54F8026D08D6500435594 /* transform_null.c */,
				5DE54F7B26D08D6500435594 /* transform_speck.c */,
				5DE54F8426D08D6500435594 /* transform_tf.c */,
				5DE54F8226D08D6500435594 /* twofish.c */,
				5DE54F8626D08D6500435594 /* wire.c */,
			);
			name = src;
			sourceTree = "<group>";
		};
		5DE54F9526D08D6D00435594 /* include */ = {
			isa = PBXGroup;
			children = (
				5DE54FD626D0938A00435594 /* libs_def.h */,
				5DE54FB926D08EC400435594 /* config.h */,
				5DE54FAC26D08D9100435594 /* edge_utils_win32.h */,
				5DE54FAE26D08D9100435594 /* header_encryption.h */,
				5DE54FB426D08D9100435594 /* lzoconf.h */,
				5DE54FAD26D08D9100435594 /* lzodefs.h */,
				5DE54FAF26D08D9100435594 /* minilzo.h */,
				5DE54FA926D08D9100435594 /* n2n_define.h */,
				5DE54FB326D08D9100435594 /* n2n_transforms.h */,
				5DE54FAB26D08D9100435594 /* n2n_wire.h */,
				5DE54FA626D08D9100435594 /* n2n.h */,
				5DE54FAA26D08D9100435594 /* pearson.h */,
				5DE54FA826D08D9100435594 /* portable_endian.h */,
				5DE54FB026D08D9100435594 /* random_numbers.h */,
				5DE54FA726D08D9100435594 /* speck.h */,
				5DE54FB126D08D9100435594 /* twofish.h */,
				5DE54FB226D08D9100435594 /* uthash.h */,
			);
			name = include;
			sourceTree = "<group>";
		};
/* End PBXGroup section */

/* Begin PBXNativeTarget section */
		5DE54F6D26D08D1B00435594 /* n2n_ntop_v2 */ = {
			isa = PBXNativeTarget;
			buildConfigurationList = 5DE54F7726D08D1B00435594 /* Build configuration list for PBXNativeTarget "n2n_ntop_v2" */;
			buildPhases = (
				5DE54F6A26D08D1B00435594 /* Sources */,
				5DE54F6B26D08D1B00435594 /* Frameworks */,
				5DE54F6C26D08D1B00435594 /* CopyFiles */,
			);
			buildRules = (
			);
			dependencies = (
			);
			name = n2n_ntop_v2;
			productName = n2n_ntop_v2;
			productReference = 5DE54F6E26D08D1B00435594 /* libn2n_ntop_v2.a */;
			productType = "com.apple.product-type.library.static";
		};
/* End PBXNativeTarget section */

/* Begin PBXProject section */
		5DE54F6626D08D1B00435594 /* Project object */ = {
			isa = PBXProject;
			attributes = {
				LastUpgradeCheck = 1250;
				TargetAttributes = {
					5DE54F6D26D08D1B00435594 = {
						CreatedOnToolsVersion = 12.5.1;
					};
				};
			};
			buildConfigurationList = 5DE54F6926D08D1B00435594 /* Build configuration list for PBXProject "n2n_ntop_v2" */;
			compatibilityVersion = "Xcode 9.3";
			developmentRegion = en;
			hasScannedForEncodings = 0;
			knownRegions = (
				en,
				Base,
			);
			mainGroup = 5DE54F6526D08D1B00435594;
			productRefGroup = 5DE54F6F26D08D1B00435594 /* Products */;
			projectDirPath = "";
			projectRoot = "";
			targets = (
				5DE54F6D26D08D1B00435594 /* n2n_ntop_v2 */,
			);
		};
/* End PBXProject section */

/* Begin PBXSourcesBuildPhase section */
		5DE54F6A26D08D1B00435594 /* Sources */ = {
			isa = PBXSourcesBuildPhase;
			buildActionMask = 2147483647;
			files = (
				5DE54F8C26D08D6500435594 /* edge_utils.c in Sources */,
				5DE54F9026D08D6500435594 /* transform_aes.c in Sources */,
				5DE54F8D26D08D6500435594 /* transform_null.c in Sources */,
				5DE54F8B26D08D6500435594 /* n2n.c in Sources */,
				5DE54FEB26D09ECE00435594 /* ios_tuntap.c in Sources */,
				5DE54F9426D08D6500435594 /* minilzo.c in Sources */,
				5DE54F8A26D08D6500435594 /* random_numbers.c in Sources */,
				993D86D926F876E40056EDB9 /* header_encryption.c in Sources */,
				5DE54F8926D08D6500435594 /* pearson.c in Sources */,
				5DE54F9126D08D6500435594 /* transform_tf.c in Sources */,
				5DE54F8826D08D6500435594 /* transform_speck.c in Sources */,
				5DE54F8F26D08D6500435594 /* twofish.c in Sources */,
				5DE54FB726D08DFC00435594 /* edge_ios_v2.c in Sources */,
				5DE54F9226D08D6500435594 /* transform_cc20.c in Sources */,
				5DE54F9326D08D6500435594 /* wire.c in Sources */,
				5DE54F8E26D08D6500435594 /* speck.c in Sources */,
			);
			runOnlyForDeploymentPostprocessing = 0;
		};
/* End PBXSourcesBuildPhase section */

/* Begin XCBuildConfiguration section */
		5DE54F7526D08D1B00435594 /* Debug */ = {
			isa = XCBuildConfiguration;
			buildSettings = {
				ALWAYS_SEARCH_USER_PATHS = NO;
				CLANG_ANALYZER_NONNULL = YES;
				CLANG_ANALYZER_NUMBER_OBJECT_CONVERSION = YES_AGGRESSIVE;
				CLANG_CXX_LANGUAGE_STANDARD = "gnu++14";
				CLANG_CXX_LIBRARY = "libc++";
				CLANG_ENABLE_MODULES = YES;
				CLANG_ENABLE_OBJC_ARC = YES;
				CLANG_ENABLE_OBJC_WEAK = YES;
				CLANG_WARN_BLOCK_CAPTURE_AUTORELEASING = YES;
				CLANG_WARN_BOOL_CONVERSION = YES;
				CLANG_WARN_COMMA = YES;
				CLANG_WARN_CONSTANT_CONVERSION = YES;
				CLANG_WARN_DEPRECATED_OBJC_IMPLEMENTATIONS = YES;
				CLANG_WARN_DIRECT_OBJC_ISA_USAGE = YES_ERROR;
				CLANG_WARN_DOCUMENTATION_COMMENTS = YES;
				CLANG_WARN_EMPTY_BODY = YES;
				CLANG_WARN_ENUM_CONVERSION = YES;
				CLANG_WARN_INFINITE_RECURSION = YES;
				CLANG_WARN_INT_CONVERSION = YES;
				CLANG_WARN_NON_LITERAL_NULL_CONVERSION = YES;
				CLANG_WARN_OBJC_IMPLICIT_RETAIN_SELF = YES;
				CLANG_WARN_OBJC_LITERAL_CONVERSION = YES;
				CLANG_WARN_OBJC_ROOT_CLASS = YES_ERROR;
				CLANG_WARN_QUOTED_INCLUDE_IN_FRAMEWORK_HEADER = YES;
				CLANG_WARN_RANGE_LOOP_ANALYSIS = YES;
				CLANG_WARN_STRICT_PROTOTYPES = YES;
				CLANG_WARN_SUSPICIOUS_MOVE = YES;
				CLANG_WARN_UNGUARDED_AVAILABILITY = YES_AGGRESSIVE;
				CLANG_WARN_UNREACHABLE_CODE = YES;
				CLANG_WARN__DUPLICATE_METHOD_MATCH = YES;
				COPY_PHASE_STRIP = NO;
				DEBUG_INFORMATION_FORMAT = dwarf;
				ENABLE_STRICT_OBJC_MSGSEND = YES;
				ENABLE_TESTABILITY = YES;
				GCC_C_LANGUAGE_STANDARD = gnu11;
				GCC_DYNAMIC_NO_PIC = NO;
				GCC_NO_COMMON_BLOCKS = YES;
				GCC_OPTIMIZATION_LEVEL = 0;
				GCC_PREPROCESSOR_DEFINITIONS = (
					"DEBUG=1",
					"$(inherited)",
				);
				GCC_WARN_64_TO_32_BIT_CONVERSION = YES;
				GCC_WARN_ABOUT_RETURN_TYPE = YES_ERROR;
				GCC_WARN_UNDECLARED_SELECTOR = YES;
				GCC_WARN_UNINITIALIZED_AUTOS = YES_AGGRESSIVE;
				GCC_WARN_UNUSED_FUNCTION = YES;
				GCC_WARN_UNUSED_VARIABLE = YES;
				IPHONEOS_DEPLOYMENT_TARGET = 14.5;
				MTL_ENABLE_DEBUG_INFO = INCLUDE_SOURCE;
				MTL_FAST_MATH = YES;
				ONLY_ACTIVE_ARCH = YES;
				SDKROOT = iphoneos;
			};
			name = Debug;
		};
		5DE54F7626D08D1B00435594 /* Release */ = {
			isa = XCBuildConfiguration;
			buildSettings = {
				ALWAYS_SEARCH_USER_PATHS = NO;
				CLANG_ANALYZER_NONNULL = YES;
				CLANG_ANALYZER_NUMBER_OBJECT_CONVERSION = YES_AGGRESSIVE;
				CLANG_CXX_LANGUAGE_STANDARD = "gnu++14";
				CLANG_CXX_LIBRARY = "libc++";
				CLANG_ENABLE_MODULES = YES;
				CLANG_ENABLE_OBJC_ARC = YES;
				CLANG_ENABLE_OBJC_WEAK = YES;
				CLANG_WARN_BLOCK_CAPTURE_AUTORELEASING = YES;
				CLANG_WARN_BOOL_CONVERSION = YES;
				CLANG_WARN_COMMA = YES;
				CLANG_WARN_CONSTANT_CONVERSION = YES;
				CLANG_WARN_DEPRECATED_OBJC_IMPLEMENTATIONS = YES;
				CLANG_WARN_DIRECT_OBJC_ISA_USAGE = YES_ERROR;
				CLANG_WARN_DOCUMENTATION_COMMENTS = YES;
				CLANG_WARN_EMPTY_BODY = YES;
				CLANG_WARN_ENUM_CONVERSION = YES;
				CLANG_WARN_INFINITE_RECURSION = YES;
				CLANG_WARN_INT_CONVERSION = YES;
				CLANG_WARN_NON_LITERAL_NULL_CONVERSION = YES;
				CLANG_WARN_OBJC_IMPLICIT_RETAIN_SELF = YES;
				CLANG_WARN_OBJC_LITERAL_CONVERSION = YES;
				CLANG_WARN_OBJC_ROOT_CLASS = YES_ERROR;
				CLANG_WARN_QUOTED_INCLUDE_IN_FRAMEWORK_HEADER = YES;
				CLANG_WARN_RANGE_LOOP_ANALYSIS = YES;
				CLANG_WARN_STRICT_PROTOTYPES = YES;
				CLANG_WARN_SUSPICIOUS_MOVE = YES;
				CLANG_WARN_UNGUARDED_AVAILABILITY = YES_AGGRESSIVE;
				CLANG_WARN_UNREACHABLE_CODE = YES;
				CLANG_WARN__DUPLICATE_METHOD_MATCH = YES;
				COPY_PHASE_STRIP = NO;
				DEBUG_INFORMATION_FORMAT = "dwarf-with-dsym";
				ENABLE_NS_ASSERTIONS = NO;
				ENABLE_STRICT_OBJC_MSGSEND = YES;
				GCC_C_LANGUAGE_STANDARD = gnu11;
				GCC_NO_COMMON_BLOCKS = YES;
				GCC_WARN_64_TO_32_BIT_CONVERSION = YES;
				GCC_WARN_ABOUT_RETURN_TYPE = YES_ERROR;
				GCC_WARN_UNDECLARED_SELECTOR = YES;
				GCC_WARN_UNINITIALIZED_AUTOS = YES_AGGRESSIVE;
				GCC_WARN_UNUSED_FUNCTION = YES;
				GCC_WARN_UNUSED_VARIABLE = YES;
				IPHONEOS_DEPLOYMENT_TARGET = 14.5;
				MTL_ENABLE_DEBUG_INFO = NO;
				MTL_FAST_MATH = YES;
				SDKROOT = iphoneos;
				VALIDATE_PRODUCT = YES;
			};
			name = Release;
		};
		5DE54F7826D08D1B00435594 /* Debug */ = {
			isa = XCBuildConfiguration;
			buildSettings = {
				CODE_SIGN_STYLE = Automatic;
				DEPLOYMENT_POSTPROCESSING = YES;
				DEVELOPMENT_TEAM = RUP2XU98DD;
				GCC_PREPROCESSOR_DEFINITIONS = (
					"DEBUG=1",
					"$(inherited)",
					"GIT_RELEASE=\"\\\"1.0\\\"\"",
					"PACKAGE_OSNAME=\"\\\"iOS\\\"\"",
					"PACKAGE_VERSION=\"\\\"2.8.0\\\"\"",
					N2N_HAVE_AES,
					HAVE_OPENSSL_1_1,
				);
				GENERATE_MASTER_OBJECT_FILE = YES;
				HEADER_SEARCH_PATHS = "\"$(SRCROOT)/../../openssl/include\"";
				IPHONEOS_DEPLOYMENT_TARGET = 9.0;
				OTHER_CFLAGS = "-fvisibility=hidden";
				OTHER_LDFLAGS = "-ObjC";
				PRODUCT_NAME = "$(TARGET_NAME)";
				SKIP_INSTALL = YES;
				STRIP_STYLE = "non-global";
				TARGETED_DEVICE_FAMILY = "1,2";
				USER_HEADER_SEARCH_PATHS = (
					"\"$(SRCROOT)/../../bundles/tun2tap\"",
					"\"$(SRCROOT)/../../bundles/uip\"",
				);
			};
			name = Debug;
		};
		5DE54F7926D08D1B00435594 /* Release */ = {
			isa = XCBuildConfiguration;
			buildSettings = {
				CODE_SIGN_STYLE = Automatic;
				DEPLOYMENT_POSTPROCESSING = YES;
				DEVELOPMENT_TEAM = RUP2XU98DD;
				GCC_PREPROCESSOR_DEFINITIONS = (
					"$(inherited)",
					"GIT_RELEASE=\"\\\"1.0\\\"\"",
					"PACKAGE_OSNAME=\"\\\"iOS\\\"\"",
					"PACKAGE_VERSION=\"\\\"2.8.0\\\"\"",
					N2N_HAVE_AES,
					HAVE_OPENSSL_1_1,
				);
				GENERATE_MASTER_OBJECT_FILE = YES;
				HEADER_SEARCH_PATHS = "\"$(SRCROOT)/../../openssl/include\"";
				IPHONEOS_DEPLOYMENT_TARGET = 9.0;
				OTHER_CFLAGS = "-fvisibility=hidden";
				OTHER_LDFLAGS = "-ObjC";
				PRODUCT_NAME = "$(TARGET_NAME)";
				SKIP_INSTALL = YES;
				STRIP_STYLE = "non-global";
				TARGETED_DEVICE_FAMILY = "1,2";
				USER_HEADER_SEARCH_PATHS = (
					"\"$(SRCROOT)/../../bundles/tun2tap\"",
					"\"$(SRCROOT)/../../bundles/uip\"",
				);
			};
			name = Release;
		};
/* End XCBuildConfiguration section */

/* Begin XCConfigurationList section */
		5DE54F6926D08D1B00435594 /* Build configuration list for PBXProject "n2n_ntop_v2" */ = {
			isa = XCConfigurationList;
			buildConfigurations = (
				5DE54F7526D08D1B00435594 /* Debug */,
				5DE54F7626D08D1B00435594 /* Release */,
			);
			defaultConfigurationIsVisible = 0;
			defaultConfigurationName = Release;
		};
		5DE54F7726D08D1B00435594 /* Build configuration list for PBXNativeTarget "n2n_ntop_v2" */ = {
			isa = XCConfigurationList;
			buildConfigurations = (
				5DE54F7826D08D1B00435594 /* Debug */,
				5DE54F7926D08D1B00435594 /* Release */,
			);
			defaultConfigurationIsVisible = 0;
			defaultConfigurationName = Release;
		};
/* End XCConfigurationList section */
	};
	rootObject = 5DE54F6626D08D1B00435594 /* Project object */;
}
