// !$*UTF8*$!
{
	archiveVersion = 1;
	classes = {
	};
	objectVersion = 53;
	objects = {

/* Begin PBXBuildFile section */
		5DC96BCA26EEDC4A00AF5DBA /* edge.c in Sources */ = {isa = PBXBuildFile; fileRef = 5DC96BC026EEDC4A00AF5DBA /* edge.c */; };
		5DC96BCB26EEDC4A00AF5DBA /* version.c in Sources */ = {isa = PBXBuildFile; fileRef = 5DC96BC126EEDC4A00AF5DBA /* version.c */; };
		5DC96BCC26EEDC4A00AF5DBA /* wire.c in Sources */ = {isa = PBXBuildFile; fileRef = 5DC96BC226EEDC4A00AF5DBA /* wire.c */; };
		5DC96BCD26EEDC4A00AF5DBA /* transform_aes.c in Sources */ = {isa = PBXBuildFile; fileRef = 5DC96BC326EEDC4A00AF5DBA /* transform_aes.c */; };
		5DC96BCE26EEDC4A00AF5DBA /* minilzo.c in Sources */ = {isa = PBXBuildFile; fileRef = 5DC96BC426EEDC4A00AF5DBA /* minilzo.c */; };
		5DC96BCF26EEDC4A00AF5DBA /* n2n_keyfile.c in Sources */ = {isa = PBXBuildFile; fileRef = 5DC96BC526EEDC4A00AF5DBA /* n2n_keyfile.c */; };
		5DC96BD026EEDC4A00AF5DBA /* n2n.c in Sources */ = {isa = PBXBuildFile; fileRef = 5DC96BC626EEDC4A00AF5DBA /* n2n.c */; };
		5DC96BD126EEDC4A00AF5DBA /* transform_tf.c in Sources */ = {isa = PBXBuildFile; fileRef = 5DC96BC726EEDC4A00AF5DBA /* transform_tf.c */; };
		5DC96BD226EEDC4A00AF5DBA /* twofish.c in Sources */ = {isa = PBXBuildFile; fileRef = 5DC96BC826EEDC4A00AF5DBA /* twofish.c */; };
		5DC96BD326EEDC4A00AF5DBA /* transform_null.c in Sources */ = {isa = PBXBuildFile; fileRef = 5DC96BC926EEDC4A00AF5DBA /* transform_null.c */; };
		5DC96BEC26EEDFFE00AF5DBA /* ios_tuntap.c in Sources */ = {isa = PBXBuildFile; fileRef = 5DC96BEB26EEDFFE00AF5DBA /* ios_tuntap.c */; };
		5DC96BEE26EEE1DC00AF5DBA /* tuntap_android.c in Sources */ = {isa = PBXBuildFile; fileRef = 5DC96BED26EEE1DC00AF5DBA /* tuntap_android.c */; };
/* End PBXBuildFile section */

/* Begin PBXCopyFilesBuildPhase section */
		5DC96BB126EEDBFA00AF5DBA /* CopyFiles */ = {
			isa = PBXCopyFilesBuildPhase;
			buildActionMask = 2147483647;
			dstPath = "include/$(PRODUCT_NAME)";
			dstSubfolderSpec = 16;
			files = (
			);
			runOnlyForDeploymentPostprocessing = 0;
		};
/* End PBXCopyFilesBuildPhase section */

/* Begin PBXFileReference section */
		5DC96BB326EEDBFA00AF5DBA /* libn2n_meyerd_v2s.a */ = {isa = PBXFileReference; explicitFileType = archive.ar; includeInIndex = 0; path = libn2n_meyerd_v2s.a; sourceTree = BUILT_PRODUCTS_DIR; };
		5DC96BC026EEDC4A00AF5DBA /* edge.c */ = {isa = PBXFileReference; fileEncoding = 4; lastKnownFileType = sourcecode.c.c; name = edge.c; path = ../../bundles/n2n_meyerd/n2n_v2/edge.c; sourceTree = "<group>"; };
		5DC96BC126EEDC4A00AF5DBA /* version.c */ = {isa = PBXFileReference; fileEncoding = 4; lastKnownFileType = sourcecode.c.c; name = version.c; path = ../../bundles/n2n_meyerd/n2n_v2/version.c; sourceTree = "<group>"; };
		5DC96BC226EEDC4A00AF5DBA /* wire.c */ = {isa = PBXFileReference; fileEncoding = 4; lastKnownFileType = sourcecode.c.c; name = wire.c; path = ../../bundles/n2n_meyerd/n2n_v2/wire.c; sourceTree = "<group>"; };
		5DC96BC326EEDC4A00AF5DBA /* transform_aes.c */ = {isa = PBXFileReference; fileEncoding = 4; lastKnownFileType = sourcecode.c.c; name = transform_aes.c; path = ../../bundles/n2n_meyerd/n2n_v2/transform_aes.c; sourceTree = "<group>"; };
		5DC96BC426EEDC4A00AF5DBA /* minilzo.c */ = {isa = PBXFileReference; fileEncoding = 4; lastKnownFileType = sourcecode.c.c; name = minilzo.c; path = ../../bundles/n2n_meyerd/n2n_v2/minilzo.c; sourceTree = "<group>"; };
		5DC96BC526EEDC4A00AF5DBA /* n2n_keyfile.c */ = {isa = PBXFileReference; fileEncoding = 4; lastKnownFileType = sourcecode.c.c; name = n2n_keyfile.c; path = ../../bundles/n2n_meyerd/n2n_v2/n2n_keyfile.c; sourceTree = "<group>"; };
		5DC96BC626EEDC4A00AF5DBA /* n2n.c */ = {isa = PBXFileReference; fileEncoding = 4; lastKnownFileType = sourcecode.c.c; name = n2n.c; path = ../../bundles/n2n_meyerd/n2n_v2/n2n.c; sourceTree = "<group>"; };
		5DC96BC726EEDC4A00AF5DBA /* transform_tf.c */ = {isa = PBXFileReference; fileEncoding = 4; lastKnownFileType = sourcecode.c.c; name = transform_tf.c; path = ../../bundles/n2n_meyerd/n2n_v2/transform_tf.c; sourceTree = "<group>"; };
		5DC96BC826EEDC4A00AF5DBA /* twofish.c */ = {isa = PBXFileReference; fileEncoding = 4; lastKnownFileType = sourcecode.c.c; name = twofish.c; path = ../../bundles/n2n_meyerd/n2n_v2/twofish.c; sourceTree = "<group>"; };
		5DC96BC926EEDC4A00AF5DBA /* transform_null.c */ = {isa = PBXFileReference; fileEncoding = 4; lastKnownFileType = sourcecode.c.c; name = transform_null.c; path = ../../bundles/n2n_meyerd/n2n_v2/transform_null.c; sourceTree = "<group>"; };
		5DC96BE626EEDEDE00AF5DBA /* libs_def.h */ = {isa = PBXFileReference; fileEncoding = 4; lastKnownFileType = sourcecode.c.h; name = libs_def.h; path = ../../hin2n/libs_def.h; sourceTree = "<group>"; };
		5DC96BEB26EEDFFE00AF5DBA /* ios_tuntap.c */ = {isa = PBXFileReference; fileEncoding = 4; lastKnownFileType = sourcecode.c.c; name = ios_tuntap.c; path = ../../hin2n/ios_tuntap.c; sourceTree = "<group>"; };
		5DC96BED26EEE1DC00AF5DBA /* tuntap_android.c */ = {isa = PBXFileReference; fileEncoding = 4; lastKnownFileType = sourcecode.c.c; name = tuntap_android.c; path = ../../bundles/n2n_meyerd/n2n_v2/android/tuntap_android.c; sourceTree = "<group>"; };
/* End PBXFileReference section */

/* Begin PBXFrameworksBuildPhase section */
		5DC96BB026EEDBFA00AF5DBA /* Frameworks */ = {
			isa = PBXFrameworksBuildPhase;
			buildActionMask = 2147483647;
			files = (
			);
			runOnlyForDeploymentPostprocessing = 0;
		};
/* End PBXFrameworksBuildPhase section */

/* Begin PBXGroup section */
		5DC96BAA26EEDBFA00AF5DBA = {
			isa = PBXGroup;
			children = (
				5DC96BE526EEDECB00AF5DBA /* include */,
				5DC96BBF26EEDC0B00AF5DBA /* src */,
				5DC96BB426EEDBFA00AF5DBA /* Products */,
			);
			sourceTree = "<group>";
		};
		5DC96BB426EEDBFA00AF5DBA /* Products */ = {
			isa = PBXGroup;
			children = (
				5DC96BB326EEDBFA00AF5DBA /* libn2n_meyerd_v2s.a */,
			);
			name = Products;
			sourceTree = "<group>";
		};
		5DC96BBF26EEDC0B00AF5DBA /* src */ = {
			isa = PBXGroup;
			children = (
				5DC96BED26EEE1DC00AF5DBA /* tuntap_android.c */,
				5DC96BEB26EEDFFE00AF5DBA /* ios_tuntap.c */,
				5DC96BC026EEDC4A00AF5DBA /* edge.c */,
				5DC96BC426EEDC4A00AF5DBA /* minilzo.c */,
				5DC96BC526EEDC4A00AF5DBA /* n2n_keyfile.c */,
				5DC96BC626EEDC4A00AF5DBA /* n2n.c */,
				5DC96BC326EEDC4A00AF5DBA /* transform_aes.c */,
				5DC96BC926EEDC4A00AF5DBA /* transform_null.c */,
				5DC96BC726EEDC4A00AF5DBA /* transform_tf.c */,
				5DC96BC826EEDC4A00AF5DBA /* twofish.c */,
				5DC96BC126EEDC4A00AF5DBA /* version.c */,
				5DC96BC226EEDC4A00AF5DBA /* wire.c */,
			);
			name = src;
			sourceTree = "<group>";
		};
		5DC96BE526EEDECB00AF5DBA /* include */ = {
			isa = PBXGroup;
			children = (
				5DC96BE626EEDEDE00AF5DBA /* libs_def.h */,
			);
			name = include;
			sourceTree = "<group>";
		};
/* End PBXGroup section */

/* Begin PBXNativeTarget section */
		5DC96BB226EEDBFA00AF5DBA /* n2n_meyerd_v2s */ = {
			isa = PBXNativeTarget;
			buildConfigurationList = 5DC96BBC26EEDBFA00AF5DBA /* Build configuration list for PBXNativeTarget "n2n_meyerd_v2s" */;
			buildPhases = (
				5DC96BAF26EEDBFA00AF5DBA /* Sources */,
				5DC96BB026EEDBFA00AF5DBA /* Frameworks */,
				5DC96BB126EEDBFA00AF5DBA /* CopyFiles */,
			);
			buildRules = (
			);
			dependencies = (
			);
			name = n2n_meyerd_v2s;
			productName = n2n_meyerd_v2s;
			productReference = 5DC96BB326EEDBFA00AF5DBA /* libn2n_meyerd_v2s.a */;
			productType = "com.apple.product-type.library.static";
		};
/* End PBXNativeTarget section */

/* Begin PBXProject section */
		5DC96BAB26EEDBFA00AF5DBA /* Project object */ = {
			isa = PBXProject;
			attributes = {
				BuildIndependentTargetsInParallel = 1;
				LastUpgradeCheck = 1300;
				TargetAttributes = {
					5DC96BB226EEDBFA00AF5DBA = {
						CreatedOnToolsVersion = 13.0;
					};
				};
			};
			buildConfigurationList = 5DC96BAE26EEDBFA00AF5DBA /* Build configuration list for PBXProject "n2n_meyerd_v2s" */;
			compatibilityVersion = "Xcode 9.3";
			developmentRegion = en;
			hasScannedForEncodings = 0;
			knownRegions = (
				en,
				Base,
			);
			mainGroup = 5DC96BAA26EEDBFA00AF5DBA;
			productRefGroup = 5DC96BB426EEDBFA00AF5DBA /* Products */;
			projectDirPath = "";
			projectRoot = "";
			targets = (
				5DC96BB226EEDBFA00AF5DBA /* n2n_meyerd_v2s */,
			);
		};
/* End PBXProject section */

/* Begin PBXSourcesBuildPhase section */
		5DC96BAF26EEDBFA00AF5DBA /* Sources */ = {
			isa = PBXSourcesBuildPhase;
			buildActionMask = 2147483647;
			files = (
				5DC96BD026EEDC4A00AF5DBA /* n2n.c in Sources */,
				5DC96BCD26EEDC4A00AF5DBA /* transform_aes.c in Sources */,
				5DC96BCB26EEDC4A00AF5DBA /* version.c in Sources */,
				5DC96BEC26EEDFFE00AF5DBA /* ios_tuntap.c in Sources */,
				5DC96BCC26EEDC4A00AF5DBA /* wire.c in Sources */,
				5DC96BEE26EEE1DC00AF5DBA /* tuntap_android.c in Sources */,
				5DC96BD126EEDC4A00AF5DBA /* transform_tf.c in Sources */,
				5DC96BD326EEDC4A00AF5DBA /* transform_null.c in Sources */,
				5DC96BCE26EEDC4A00AF5DBA /* minilzo.c in Sources */,
				5DC96BCF26EEDC4A00AF5DBA /* n2n_keyfile.c in Sources */,
				5DC96BCA26EEDC4A00AF5DBA /* edge.c in Sources */,
				5DC96BD226EEDC4A00AF5DBA /* twofish.c in Sources */,
			);
			runOnlyForDeploymentPostprocessing = 0;
		};
/* End PBXSourcesBuildPhase section */

/* Begin XCBuildConfiguration section */
		5DC96BBA26EEDBFA00AF5DBA /* Debug */ = {
			isa = XCBuildConfiguration;
			buildSettings = {
				ALWAYS_SEARCH_USER_PATHS = NO;
				CLANG_ANALYZER_NONNULL = YES;
				CLANG_ANALYZER_NUMBER_OBJECT_CONVERSION = YES_AGGRESSIVE;
				CLANG_CXX_LANGUAGE_STANDARD = "gnu++17";
				CLANG_CXX_LIBRARY = "libc++";
				CLANG_ENABLE_MODULES = YES;
				CLANG_ENABLE_OBJC_ARC = YES;
				CLANG_ENABLE_OBJC_WEAK = YES;
				CLANG_WARN_BLOCK_CAPTURE_AUTORELEASING = YES;
				CLANG_WARN_BOOL_CONVERSION = YES;
				CLANG_WARN_COMMA = YES;
				CLANG_WARN_CONSTANT_CONVERSION = YES;
				CLANG_WARN_DEPRECATED_OBJC_IMPLEMENTATIONS = YES;
				CLANG_WARN_DIRECT_OBJC_ISA_USAGE = YES_ERROR;
				CLANG_WARN_DOCUMENTATION_COMMENTS = YES;
				CLANG_WARN_EMPTY_BODY = YES;
				CLANG_WARN_ENUM_CONVERSION = YES;
				CLANG_WARN_INFINITE_RECURSION = YES;
				CLANG_WARN_INT_CONVERSION = YES;
				CLANG_WARN_NON_LITERAL_NULL_CONVERSION = YES;
				CLANG_WARN_OBJC_IMPLICIT_RETAIN_SELF = YES;
				CLANG_WARN_OBJC_LITERAL_CONVERSION = YES;
				CLANG_WARN_OBJC_ROOT_CLASS = YES_ERROR;
				CLANG_WARN_QUOTED_INCLUDE_IN_FRAMEWORK_HEADER = YES;
				CLANG_WARN_RANGE_LOOP_ANALYSIS = YES;
				CLANG_WARN_STRICT_PROTOTYPES = YES;
				CLANG_WARN_SUSPICIOUS_MOVE = YES;
				CLANG_WARN_UNGUARDED_AVAILABILITY = YES_AGGRESSIVE;
				CLANG_WARN_UNREACHABLE_CODE = YES;
				CLANG_WARN__DUPLICATE_METHOD_MATCH = YES;
				COPY_PHASE_STRIP = NO;
				DEBUG_INFORMATION_FORMAT = dwarf;
				ENABLE_STRICT_OBJC_MSGSEND = YES;
				ENABLE_TESTABILITY = YES;
				GCC_C_LANGUAGE_STANDARD = gnu11;
				GCC_DYNAMIC_NO_PIC = NO;
				GCC_NO_COMMON_BLOCKS = YES;
				GCC_OPTIMIZATION_LEVEL = 0;
				GCC_PREPROCESSOR_DEFINITIONS = (
					"DEBUG=1",
					"$(inherited)",
				);
				GCC_WARN_64_TO_32_BIT_CONVERSION = YES;
				GCC_WARN_ABOUT_RETURN_TYPE = YES_ERROR;
				GCC_WARN_UNDECLARED_SELECTOR = YES;
				GCC_WARN_UNINITIALIZED_AUTOS = YES_AGGRESSIVE;
				GCC_WARN_UNUSED_FUNCTION = YES;
				GCC_WARN_UNUSED_VARIABLE = YES;
				IPHONEOS_DEPLOYMENT_TARGET = 15.0;
				MTL_ENABLE_DEBUG_INFO = INCLUDE_SOURCE;
				MTL_FAST_MATH = YES;
				ONLY_ACTIVE_ARCH = YES;
				SDKROOT = iphoneos;
			};
			name = Debug;
		};
		5DC96BBB26EEDBFA00AF5DBA /* Release */ = {
			isa = XCBuildConfiguration;
			buildSettings = {
				ALWAYS_SEARCH_USER_PATHS = NO;
				CLANG_ANALYZER_NONNULL = YES;
				CLANG_ANALYZER_NUMBER_OBJECT_CONVERSION = YES_AGGRESSIVE;
				CLANG_CXX_LANGUAGE_STANDARD = "gnu++17";
				CLANG_CXX_LIBRARY = "libc++";
				CLANG_ENABLE_MODULES = YES;
				CLANG_ENABLE_OBJC_ARC = YES;
				CLANG_ENABLE_OBJC_WEAK = YES;
				CLANG_WARN_BLOCK_CAPTURE_AUTORELEASING = YES;
				CLANG_WARN_BOOL_CONVERSION = YES;
				CLANG_WARN_COMMA = YES;
				CLANG_WARN_CONSTANT_CONVERSION = YES;
				CLANG_WARN_DEPRECATED_OBJC_IMPLEMENTATIONS = YES;
				CLANG_WARN_DIRECT_OBJC_ISA_USAGE = YES_ERROR;
				CLANG_WARN_DOCUMENTATION_COMMENTS = YES;
				CLANG_WARN_EMPTY_BODY = YES;
				CLANG_WARN_ENUM_CONVERSION = YES;
				CLANG_WARN_INFINITE_RECURSION = YES;
				CLANG_WARN_INT_CONVERSION = YES;
				CLANG_WARN_NON_LITERAL_NULL_CONVERSION = YES;
				CLANG_WARN_OBJC_IMPLICIT_RETAIN_SELF = YES;
				CLANG_WARN_OBJC_LITERAL_CONVERSION = YES;
				CLANG_WARN_OBJC_ROOT_CLASS = YES_ERROR;
				CLANG_WARN_QUOTED_INCLUDE_IN_FRAMEWORK_HEADER = YES;
				CLANG_WARN_RANGE_LOOP_ANALYSIS = YES;
				CLANG_WARN_STRICT_PROTOTYPES = YES;
				CLANG_WARN_SUSPICIOUS_MOVE = YES;
				CLANG_WARN_UNGUARDED_AVAILABILITY = YES_AGGRESSIVE;
				CLANG_WARN_UNREACHABLE_CODE = YES;
				CLANG_WARN__DUPLICATE_METHOD_MATCH = YES;
				COPY_PHASE_STRIP = NO;
				DEBUG_INFORMATION_FORMAT = "dwarf-with-dsym";
				ENABLE_NS_ASSERTIONS = NO;
				ENABLE_STRICT_OBJC_MSGSEND = YES;
				GCC_C_LANGUAGE_STANDARD = gnu11;
				GCC_NO_COMMON_BLOCKS = YES;
				GCC_WARN_64_TO_32_BIT_CONVERSION = YES;
				GCC_WARN_ABOUT_RETURN_TYPE = YES_ERROR;
				GCC_WARN_UNDECLARED_SELECTOR = YES;
				GCC_WARN_UNINITIALIZED_AUTOS = YES_AGGRESSIVE;
				GCC_WARN_UNUSED_FUNCTION = YES;
				GCC_WARN_UNUSED_VARIABLE = YES;
				IPHONEOS_DEPLOYMENT_TARGET = 15.0;
				MTL_ENABLE_DEBUG_INFO = NO;
				MTL_FAST_MATH = YES;
				SDKROOT = iphoneos;
				VALIDATE_PRODUCT = YES;
			};
			name = Release;
		};
		5DC96BBD26EEDBFA00AF5DBA /* Debug */ = {
			isa = XCBuildConfiguration;
			buildSettings = {
				CODE_SIGN_STYLE = Automatic;
				DEPLOYMENT_POSTPROCESSING = YES;
				DEVELOPMENT_TEAM = WC4U373T4F;
				ENABLE_NS_ASSERTIONS = YES;
				GCC_PREPROCESSOR_DEFINITIONS = (
					"DEBUG=1",
					"N2N_OSNAME=\"\\\"iOS\\\"\"",
					"N2N_VERSION=\"\\\"2.0\\\"\"",
					"N2N_MODIFY_VERSION=\"\\\"v2s-0.1.0\\\"\"",
					"N2N_MODIFY_AUTHOR=\"\\\"meyerd\\\"\"",
				);
				GENERATE_MASTER_OBJECT_FILE = YES;
				IPHONEOS_DEPLOYMENT_TARGET = 9.0;
				OTHER_CFLAGS = "-fvisibility=hidden";
				OTHER_LDFLAGS = "-ObjC";
				PRODUCT_NAME = "$(TARGET_NAME)";
				SDKROOT = iphoneos;
				SKIP_INSTALL = YES;
				STRIP_STYLE = "non-global";
				TARGETED_DEVICE_FAMILY = "1,2";
				USER_HEADER_SEARCH_PATHS = (
					"\"$(SRCROOT)/../../bundles/n2n_meyerd/n2n_v2\"",
					"\"$(SRCROOT)/../../bundles/tun2tap\"",
					"\"$(SRCROOT)/../../bundles/uip\"",
					"\"$(SRCROOT)/../../bundles/slog\"",
				);
			};
			name = Debug;
		};
		5DC96BBE26EEDBFA00AF5DBA /* Release */ = {
			isa = XCBuildConfiguration;
			buildSettings = {
				CODE_SIGN_STYLE = Automatic;
				DEPLOYMENT_POSTPROCESSING = YES;
				DEVELOPMENT_TEAM = WC4U373T4F;
				ENABLE_NS_ASSERTIONS = NO;
				GCC_PREPROCESSOR_DEFINITIONS = (
					"N2N_OSNAME=\"\\\"iOS\\\"\"",
					"N2N_VERSION=\"\\\"2.0\\\"\"",
					"N2N_MODIFY_VERSION=\"\\\"v2s-0.1.0\\\"\"",
					"N2N_MODIFY_AUTHOR=\"\\\"meyerd\\\"\"",
				);
				GENERATE_MASTER_OBJECT_FILE = YES;
				IPHONEOS_DEPLOYMENT_TARGET = 9.0;
				OTHER_CFLAGS = "-fvisibility=hidden";
				OTHER_LDFLAGS = "-ObjC";
				PRODUCT_NAME = "$(TARGET_NAME)";
				SDKROOT = iphoneos;
				SKIP_INSTALL = YES;
				STRIP_STYLE = "non-global";
				TARGETED_DEVICE_FAMILY = "1,2";
				USER_HEADER_SEARCH_PATHS = (
					"\"$(SRCROOT)/../../bundles/n2n_meyerd/n2n_v2\"",
					"\"$(SRCROOT)/../../bundles/tun2tap\"",
					"\"$(SRCROOT)/../../bundles/uip\"",
					"\"$(SRCROOT)/../../bundles/slog\"",
				);
			};
			name = Release;
		};
/* End XCBuildConfiguration section */

/* Begin XCConfigurationList section */
		5DC96BAE26EEDBFA00AF5DBA /* Build configuration list for PBXProject "n2n_meyerd_v2s" */ = {
			isa = XCConfigurationList;
			buildConfigurations = (
				5DC96BBA26EEDBFA00AF5DBA /* Debug */,
				5DC96BBB26EEDBFA00AF5DBA /* Release */,
			);
			defaultConfigurationIsVisible = 0;
			defaultConfigurationName = Release;
		};
		5DC96BBC26EEDBFA00AF5DBA /* Build configuration list for PBXNativeTarget "n2n_meyerd_v2s" */ = {
			isa = XCConfigurationList;
			buildConfigurations = (
				5DC96BBD26EEDBFA00AF5DBA /* Debug */,
				5DC96BBE26EEDBFA00AF5DBA /* Release */,
			);
			defaultConfigurationIsVisible = 0;
			defaultConfigurationName = Release;
		};
/* End XCConfigurationList section */
	};
	rootObject = 5DC96BAB26EEDBFA00AF5DBA /* Project object */;
}
