// !$*UTF8*$!
{
	archiveVersion = 1;
	classes = {
	};
	objectVersion = 50;
	objects = {

/* Begin PBXBuildFile section */
		5D2FE45B26EC688E00ED4943 /* libn2n_meyerd_v1.a in Frameworks */ = {isa = PBXBuildFile; fileRef = 5D2FE45826EC686000ED4943 /* libn2n_meyerd_v1.a */; };
		5D34059C26ECAE4E00BD424B /* libslog.a in Frameworks */ = {isa = PBXBuildFile; fileRef = 5D5E77DE26EC7BB100479FE3 /* libslog.a */; };
		5D34059D26ECAE4E00BD424B /* libuip.a in Frameworks */ = {isa = PBXBuildFile; fileRef = 5D540D4126EB1E80003CC62F /* libuip.a */; };
		5DC96BEA26EEDF1A00AF5DBA /* libn2n_meyerd_v2s.a in Frameworks */ = {isa = PBXBuildFile; fileRef = 5DC96BDE26EEDE6A00AF5DBA /* libn2n_meyerd_v2s.a */; };
		5DE54FD326D0927600435594 /* libn2n_ntop_v3.a in Frameworks */ = {isa = PBXBuildFile; fileRef = 5DE54FCE26D0918400435594 /* libn2n_ntop_v3.a */; };
		5DE54FD426D0928000435594 /* libn2n_ntop_v2.a in Frameworks */ = {isa = PBXBuildFile; fileRef = 5DE54FC226D0917300435594 /* libn2n_ntop_v2.a */; };
		5DE54FF426D0A1BE00435594 /* edge_ios.c in Sources */ = {isa = PBXBuildFile; fileRef = 5DE54FF326D0A1BE00435594 /* edge_ios.c */; };
		997E10F627104FB20020D98B /* libcrypto.a in Frameworks */ = {isa = PBXBuildFile; fileRef = 997E10F427104DED0020D98B /* libcrypto.a */; };
		CB5330EE26CF47F1008A024D /* AppDelegate.m in Sources */ = {isa = PBXBuildFile; fileRef = CB5330ED26CF47F1008A024D /* AppDelegate.m */; };
		CB5330F126CF47F1008A024D /* SceneDelegate.m in Sources */ = {isa = PBXBuildFile; fileRef = CB5330F026CF47F1008A024D /* SceneDelegate.m */; };
		CB5330F726CF47F1008A024D /* Main.storyboard in Resources */ = {isa = PBXBuildFile; fileRef = CB5330F526CF47F1008A024D /* Main.storyboard */; };
		CB5330F926CF47F3008A024D /* Assets.xcassets in Resources */ = {isa = PBXBuildFile; fileRef = CB5330F826CF47F3008A024D /* Assets.xcassets */; };
		CB5330FC26CF47F3008A024D /* LaunchScreen.storyboard in Resources */ = {isa = PBXBuildFile; fileRef = CB5330FA26CF47F3008A024D /* LaunchScreen.storyboard */; };
		CB5330FF26CF47F3008A024D /* main.m in Sources */ = {isa = PBXBuildFile; fileRef = CB5330FE26CF47F3008A024D /* main.m */; };
		CB53310926CF47F4008A024D /* hin2nTests.m in Sources */ = {isa = PBXBuildFile; fileRef = CB53310826CF47F4008A024D /* hin2nTests.m */; };
		CB53311426CF47F4008A024D /* hin2nUITests.m in Sources */ = {isa = PBXBuildFile; fileRef = CB53311326CF47F4008A024D /* hin2nUITests.m */; };
		CB53315D26CF48A8008A024D /* CurrentSettingListsVC.m in Sources */ = {isa = PBXBuildFile; fileRef = CB53312126CF48A6008A024D /* CurrentSettingListsVC.m */; };
		CB53316126CF48A8008A024D /* mainVC.m in Sources */ = {isa = PBXBuildFile; fileRef = CB53312726CF48A6008A024D /* mainVC.m */; };
		CB53316226CF48A8008A024D /* FMDatabaseQueue.m in Sources */ = {isa = PBXBuildFile; fileRef = CB53312C26CF48A7008A024D /* FMDatabaseQueue.m */; };
		CB53316326CF48A8008A024D /* FMDatabaseAdditions.m in Sources */ = {isa = PBXBuildFile; fileRef = CB53312F26CF48A7008A024D /* FMDatabaseAdditions.m */; };
		CB53316426CF48A8008A024D /* FMDatabase.m in Sources */ = {isa = PBXBuildFile; fileRef = CB53313026CF48A7008A024D /* FMDatabase.m */; };
		CB53316526CF48A8008A024D /* FMDatabasePool.m in Sources */ = {isa = PBXBuildFile; fileRef = CB53313426CF48A7008A024D /* FMDatabasePool.m */; };
		CB53316626CF48A8008A024D /* FMResultSet.m in Sources */ = {isa = PBXBuildFile; fileRef = CB53313526CF48A7008A024D /* FMResultSet.m */; };
		CB53316726CF48A8008A024D /* NSLayoutConstraint+MASDebugAdditions.m in Sources */ = {isa = PBXBuildFile; fileRef = CB53313826CF48A7008A024D /* NSLayoutConstraint+MASDebugAdditions.m */; };
		CB53316826CF48A8008A024D /* ViewController+MASAdditions.m in Sources */ = {isa = PBXBuildFile; fileRef = CB53314126CF48A7008A024D /* ViewController+MASAdditions.m */; };
		CB53316926CF48A8008A024D /* MASCompositeConstraint.m in Sources */ = {isa = PBXBuildFile; fileRef = CB53314526CF48A7008A024D /* MASCompositeConstraint.m */; };
		CB53316A26CF48A8008A024D /* MASConstraintMaker.m in Sources */ = {isa = PBXBuildFile; fileRef = CB53314626CF48A7008A024D /* MASConstraintMaker.m */; };
		CB53316B26CF48A8008A024D /* MASLayoutConstraint.m in Sources */ = {isa = PBXBuildFile; fileRef = CB53314726CF48A7008A024D /* MASLayoutConstraint.m */; };
		CB53316C26CF48A8008A024D /* NSArray+MASAdditions.m in Sources */ = {isa = PBXBuildFile; fileRef = CB53314826CF48A7008A024D /* NSArray+MASAdditions.m */; };
		CB53316D26CF48A8008A024D /* View+MASAdditions.m in Sources */ = {isa = PBXBuildFile; fileRef = CB53314926CF48A7008A024D /* View+MASAdditions.m */; };
		CB53316E26CF48A8008A024D /* MASConstraint.m in Sources */ = {isa = PBXBuildFile; fileRef = CB53314C26CF48A7008A024D /* MASConstraint.m */; };
		CB53316F26CF48A8008A024D /* MASViewConstraint.m in Sources */ = {isa = PBXBuildFile; fileRef = CB53314E26CF48A7008A024D /* MASViewConstraint.m */; };
		CB53317026CF48A8008A024D /* MASViewAttribute.m in Sources */ = {isa = PBXBuildFile; fileRef = CB53314F26CF48A7008A024D /* MASViewAttribute.m */; };
		CB53317226CF48A8008A024D /* ListsViewCell.m in Sources */ = {isa = PBXBuildFile; fileRef = CB53315226CF48A7008A024D /* ListsViewCell.m */; };
		CB53317326CF48A8008A024D /* ListsViewCell.xib in Resources */ = {isa = PBXBuildFile; fileRef = CB53315326CF48A7008A024D /* ListsViewCell.xib */; };
		CB53317626CF48A8008A024D /* SettingVC.m in Sources */ = {isa = PBXBuildFile; fileRef = CB53315B26CF48A8008A024D /* SettingVC.m */; };
		CB74D60126F08D1600E87D63 /* MMWormholeSessionFileTransiting.m in Sources */ = {isa = PBXBuildFile; fileRef = CB74D5F326F08D1500E87D63 /* MMWormholeSessionFileTransiting.m */; };
		CB74D60226F08D1600E87D63 /* MMWormholeSessionFileTransiting.m in Sources */ = {isa = PBXBuildFile; fileRef = CB74D5F326F08D1500E87D63 /* MMWormholeSessionFileTransiting.m */; };
		CB74D60326F08D1600E87D63 /* MMWormholeFileTransiting.m in Sources */ = {isa = PBXBuildFile; fileRef = CB74D5F726F08D1600E87D63 /* MMWormholeFileTransiting.m */; };
		CB74D60426F08D1600E87D63 /* MMWormholeFileTransiting.m in Sources */ = {isa = PBXBuildFile; fileRef = CB74D5F726F08D1600E87D63 /* MMWormholeFileTransiting.m */; };
		CB74D60526F08D1600E87D63 /* MMWormholeCoordinatedFileTransiting.m in Sources */ = {isa = PBXBuildFile; fileRef = CB74D5F826F08D1600E87D63 /* MMWormholeCoordinatedFileTransiting.m */; };
		CB74D60626F08D1600E87D63 /* MMWormholeCoordinatedFileTransiting.m in Sources */ = {isa = PBXBuildFile; fileRef = CB74D5F826F08D1600E87D63 /* MMWormholeCoordinatedFileTransiting.m */; };
		CB74D60726F08D1600E87D63 /* MMWormhole.m in Sources */ = {isa = PBXBuildFile; fileRef = CB74D5F926F08D1600E87D63 /* MMWormhole.m */; };
		CB74D60826F08D1600E87D63 /* MMWormhole.m in Sources */ = {isa = PBXBuildFile; fileRef = CB74D5F926F08D1600E87D63 /* MMWormhole.m */; };
		CB74D60926F08D1600E87D63 /* MMWormholeSessionContextTransiting.m in Sources */ = {isa = PBXBuildFile; fileRef = CB74D5FB26F08D1600E87D63 /* MMWormholeSessionContextTransiting.m */; };
		CB74D60A26F08D1600E87D63 /* MMWormholeSessionContextTransiting.m in Sources */ = {isa = PBXBuildFile; fileRef = CB74D5FB26F08D1600E87D63 /* MMWormholeSessionContextTransiting.m */; };
		CB74D60B26F08D1600E87D63 /* MMWormholeSessionMessageTransiting.m in Sources */ = {isa = PBXBuildFile; fileRef = CB74D5FC26F08D1600E87D63 /* MMWormholeSessionMessageTransiting.m */; };
		CB74D60C26F08D1600E87D63 /* MMWormholeSessionMessageTransiting.m in Sources */ = {isa = PBXBuildFile; fileRef = CB74D5FC26F08D1600E87D63 /* MMWormholeSessionMessageTransiting.m */; };
		CB74D60D26F08D1600E87D63 /* MMWormholeSession.m in Sources */ = {isa = PBXBuildFile; fileRef = CB74D5FE26F08D1600E87D63 /* MMWormholeSession.m */; };
		CB74D60E26F08D1600E87D63 /* MMWormholeSession.m in Sources */ = {isa = PBXBuildFile; fileRef = CB74D5FE26F08D1600E87D63 /* MMWormholeSession.m */; };
		CB75747926FDB62100CB3EDD /* LocalData.m in Sources */ = {isa = PBXBuildFile; fileRef = CB75747326FDB62100CB3EDD /* LocalData.m */; };
		CB75747A26FDB62100CB3EDD /* CurrentModelSetting.m in Sources */ = {isa = PBXBuildFile; fileRef = CB75747726FDB62100CB3EDD /* CurrentModelSetting.m */; };
		CB75747B26FDB62100CB3EDD /* SettingModel.m in Sources */ = {isa = PBXBuildFile; fileRef = CB75747826FDB62100CB3EDD /* SettingModel.m */; };
		CB7EE6BA26D6188000DEA5EF /* NetworkExtension.framework in Frameworks */ = {isa = PBXBuildFile; fileRef = CBAAC7D926D4FC4C00BFF8F2 /* NetworkExtension.framework */; };
		CB7EE6BE26D6188000DEA5EF /* PacketTunnelProvider.m in Sources */ = {isa = PBXBuildFile; fileRef = CB7EE6BD26D6188000DEA5EF /* PacketTunnelProvider.m */; };
		CB7EE6C326D6188000DEA5EF /* Tunnel.appex in Embed App Extensions */ = {isa = PBXBuildFile; fileRef = CB7EE6B926D6188000DEA5EF /* Tunnel.appex */; settings = {ATTRIBUTES = (RemoveHeadersOnCopy, ); }; };
		CB854B2126EF325E0095CA63 /* BridgeC2OC.m in Sources */ = {isa = PBXBuildFile; fileRef = CB854B1D26EF325D0095CA63 /* BridgeC2OC.m */; };
		CB854B2226EF325E0095CA63 /* BridgeC2OC.m in Sources */ = {isa = PBXBuildFile; fileRef = CB854B1D26EF325D0095CA63 /* BridgeC2OC.m */; };
		CB854B2326EF325E0095CA63 /* Hin2nTunnelManager.m in Sources */ = {isa = PBXBuildFile; fileRef = CB854B1F26EF325E0095CA63 /* Hin2nTunnelManager.m */; };
		CB854B2426EF325E0095CA63 /* Hin2nTunnelManager.m in Sources */ = {isa = PBXBuildFile; fileRef = CB854B1F26EF325E0095CA63 /* Hin2nTunnelManager.m */; };
		CB8CAF0126E36251003D68F6 /* PacketDataManager.c in Sources */ = {isa = PBXBuildFile; fileRef = CB8CAF0026E36251003D68F6 /* PacketDataManager.c */; };
		CB8CAF0226E36251003D68F6 /* PacketDataManager.c in Sources */ = {isa = PBXBuildFile; fileRef = CB8CAF0026E36251003D68F6 /* PacketDataManager.c */; };
		CB8DF86226FB2CA600798323 /* silence.mp3 in Resources */ = {isa = PBXBuildFile; fileRef = CB8DF86126FB2CA600798323 /* silence.mp3 */; };
		CBAAC7DA26D4FC4C00BFF8F2 /* NetworkExtension.framework in Frameworks */ = {isa = PBXBuildFile; fileRef = CBAAC7D926D4FC4C00BFF8F2 /* NetworkExtension.framework */; };
/* End PBXBuildFile section */

/* Begin PBXContainerItemProxy section */
		5D2FE45726EC686000ED4943 /* PBXContainerItemProxy */ = {
			isa = PBXContainerItemProxy;
			containerPortal = 5D2FE45326EC686000ED4943 /* n2n_meyerd_v1.xcodeproj */;
			proxyType = 2;
			remoteGlobalIDString = 5D2FE43526EC626000ED4943;
			remoteInfo = n2n_meyerd_v1;
		};
		5D2FE45926EC688200ED4943 /* PBXContainerItemProxy */ = {
			isa = PBXContainerItemProxy;
			containerPortal = 5D2FE45326EC686000ED4943 /* n2n_meyerd_v1.xcodeproj */;
			proxyType = 1;
			remoteGlobalIDString = 5D2FE43426EC626000ED4943;
			remoteInfo = n2n_meyerd_v1;
		};
		5D540D0726EB0775003CC62F /* PBXContainerItemProxy */ = {
			isa = PBXContainerItemProxy;
			containerPortal = 5DE54FC926D0918400435594 /* n2n_ntop_v3.xcodeproj */;
			proxyType = 1;
			remoteGlobalIDString = 5D84CFB726CFB63A004F0004;
			remoteInfo = n2n_ntop_v3;
		};
		5D540D0926EB0775003CC62F /* PBXContainerItemProxy */ = {
			isa = PBXContainerItemProxy;
			containerPortal = 5DE54FBD26D0917300435594 /* n2n_ntop_v2.xcodeproj */;
			proxyType = 1;
			remoteGlobalIDString = 5DE54F6D26D08D1B00435594;
			remoteInfo = n2n_ntop_v2;
		};
		5D540D4026EB1E80003CC62F /* PBXContainerItemProxy */ = {
			isa = PBXContainerItemProxy;
			containerPortal = 5D540D3C26EB1E80003CC62F /* uip.xcodeproj */;
			proxyType = 2;
			remoteGlobalIDString = 5D540CEB26EB064B003CC62F;
			remoteInfo = uip;
		};
		5D540D4726EB1F3B003CC62F /* PBXContainerItemProxy */ = {
			isa = PBXContainerItemProxy;
			containerPortal = 5D540D3C26EB1E80003CC62F /* uip.xcodeproj */;
			proxyType = 1;
			remoteGlobalIDString = 5D540CEA26EB064B003CC62F;
			remoteInfo = uip;
		};
		5D5E77DD26EC7BB100479FE3 /* PBXContainerItemProxy */ = {
			isa = PBXContainerItemProxy;
			containerPortal = 5D5E77D926EC7BB100479FE3 /* slog.xcodeproj */;
			proxyType = 2;
			remoteGlobalIDString = 5D5E77C526EC76C200479FE3;
			remoteInfo = slog;
		};
		5D5E77DF26EC87F800479FE3 /* PBXContainerItemProxy */ = {
			isa = PBXContainerItemProxy;
			containerPortal = 5D5E77D926EC7BB100479FE3 /* slog.xcodeproj */;
			proxyType = 1;
			remoteGlobalIDString = 5D5E77C426EC76C200479FE3;
			remoteInfo = slog;
		};
		5DC96BDD26EEDE6A00AF5DBA /* PBXContainerItemProxy */ = {
			isa = PBXContainerItemProxy;
			containerPortal = 5DC96BD926EEDE6A00AF5DBA /* n2n_meyerd_v2s.xcodeproj */;
			proxyType = 2;
			remoteGlobalIDString = 5DC96BB326EEDBFA00AF5DBA;
			remoteInfo = n2n_meyerd_v2s;
		};
		5DC96BE726EEDF0F00AF5DBA /* PBXContainerItemProxy */ = {
			isa = PBXContainerItemProxy;
			containerPortal = 5DC96BD926EEDE6A00AF5DBA /* n2n_meyerd_v2s.xcodeproj */;
			proxyType = 1;
			remoteGlobalIDString = 5DC96BB226EEDBFA00AF5DBA;
			remoteInfo = n2n_meyerd_v2s;
		};
		5DE54FC126D0917300435594 /* PBXContainerItemProxy */ = {
			isa = PBXContainerItemProxy;
			containerPortal = 5DE54FBD26D0917300435594 /* n2n_ntop_v2.xcodeproj */;
			proxyType = 2;
			remoteGlobalIDString = 5DE54F6E26D08D1B00435594;
			remoteInfo = n2n_ntop_v2;
		};
		5DE54FCD26D0918400435594 /* PBXContainerItemProxy */ = {
			isa = PBXContainerItemProxy;
			containerPortal = 5DE54FC926D0918400435594 /* n2n_ntop_v3.xcodeproj */;
			proxyType = 2;
			remoteGlobalIDString = 5D84CFB826CFB63A004F0004;
			remoteInfo = n2n_ntop_v3;
		};
		CB53310526CF47F4008A024D /* PBXContainerItemProxy */ = {
			isa = PBXContainerItemProxy;
			containerPortal = CB5330E126CF47F1008A024D /* Project object */;
			proxyType = 1;
			remoteGlobalIDString = CB5330E826CF47F1008A024D;
			remoteInfo = hin2n;
		};
		CB53311026CF47F4008A024D /* PBXContainerItemProxy */ = {
			isa = PBXContainerItemProxy;
			containerPortal = CB5330E126CF47F1008A024D /* Project object */;
			proxyType = 1;
			remoteGlobalIDString = CB5330E826CF47F1008A024D;
			remoteInfo = hin2n;
		};
		CB7EE6C126D6188000DEA5EF /* PBXContainerItemProxy */ = {
			isa = PBXContainerItemProxy;
			containerPortal = CB5330E126CF47F1008A024D /* Project object */;
			proxyType = 1;
			remoteGlobalIDString = CB7EE6B826D6188000DEA5EF;
			remoteInfo = Tunnel;
		};
/* End PBXContainerItemProxy section */

/* Begin PBXCopyFilesBuildPhase section */
		CB7EE6C426D6188000DEA5EF /* Embed App Extensions */ = {
			isa = PBXCopyFilesBuildPhase;
			buildActionMask = 2147483647;
			dstPath = "";
			dstSubfolderSpec = 13;
			files = (
				CB7EE6C326D6188000DEA5EF /* Tunnel.appex in Embed App Extensions */,
			);
			name = "Embed App Extensions";
			runOnlyForDeploymentPostprocessing = 0;
		};
/* End PBXCopyFilesBuildPhase section */

/* Begin PBXFileReference section */
		5D2FE45326EC686000ED4943 /* n2n_meyerd_v1.xcodeproj */ = {isa = PBXFileReference; lastKnownFileType = "wrapper.pb-project"; name = n2n_meyerd_v1.xcodeproj; path = n2n_libs_projects/n2n_meyerd_v1/n2n_meyerd_v1.xcodeproj; sourceTree = "<group>"; };
		5D540D3C26EB1E80003CC62F /* uip.xcodeproj */ = {isa = PBXFileReference; lastKnownFileType = "wrapper.pb-project"; name = uip.xcodeproj; path = n2n_libs_projects/uip/uip.xcodeproj; sourceTree = "<group>"; };
		5D5E77D926EC7BB100479FE3 /* slog.xcodeproj */ = {isa = PBXFileReference; lastKnownFileType = "wrapper.pb-project"; name = slog.xcodeproj; path = n2n_libs_projects/slog/slog.xcodeproj; sourceTree = "<group>"; };
		5DC96BD926EEDE6A00AF5DBA /* n2n_meyerd_v2s.xcodeproj */ = {isa = PBXFileReference; lastKnownFileType = "wrapper.pb-project"; name = n2n_meyerd_v2s.xcodeproj; path = n2n_libs_projects/n2n_meyerd_v2s/n2n_meyerd_v2s.xcodeproj; sourceTree = "<group>"; };
		5DE54FBB26D0905000435594 /* libs_def.h */ = {isa = PBXFileReference; fileEncoding = 4; lastKnownFileType = sourcecode.c.h; name = libs_def.h; path = hin2n/libs_def.h; sourceTree = SOURCE_ROOT; };
		5DE54FBC26D090AD00435594 /* edge_ios.h */ = {isa = PBXFileReference; lastKnownFileType = sourcecode.c.h; path = edge_ios.h; sourceTree = "<group>"; };
		5DE54FBD26D0917300435594 /* n2n_ntop_v2.xcodeproj */ = {isa = PBXFileReference; lastKnownFileType = "wrapper.pb-project"; name = n2n_ntop_v2.xcodeproj; path = n2n_libs_projects/n2n_ntop_v2/n2n_ntop_v2.xcodeproj; sourceTree = "<group>"; };
		5DE54FC926D0918400435594 /* n2n_ntop_v3.xcodeproj */ = {isa = PBXFileReference; lastKnownFileType = "wrapper.pb-project"; name = n2n_ntop_v3.xcodeproj; path = n2n_libs_projects/n2n_ntop_v2/../n2n_ntop_v3/n2n_ntop_v3.xcodeproj; sourceTree = SOURCE_ROOT; };
		5DE54FF326D0A1BE00435594 /* edge_ios.c */ = {isa = PBXFileReference; lastKnownFileType = sourcecode.c.c; path = edge_ios.c; sourceTree = "<group>"; };
		997E10F427104DED0020D98B /* libcrypto.a */ = {isa = PBXFileReference; lastKnownFileType = archive.ar; name = libcrypto.a; path = openssl/lib/libcrypto.a; sourceTree = "<group>"; };
		CB5330E926CF47F1008A024D /* hin2n.app */ = {isa = PBXFileReference; explicitFileType = wrapper.application; includeInIndex = 0; path = hin2n.app; sourceTree = BUILT_PRODUCTS_DIR; };
		CB5330EC26CF47F1008A024D /* AppDelegate.h */ = {isa = PBXFileReference; lastKnownFileType = sourcecode.c.h; path = AppDelegate.h; sourceTree = "<group>"; };
		CB5330ED26CF47F1008A024D /* AppDelegate.m */ = {isa = PBXFileReference; lastKnownFileType = sourcecode.c.objc; path = AppDelegate.m; sourceTree = "<group>"; };
		CB5330EF26CF47F1008A024D /* SceneDelegate.h */ = {isa = PBXFileReference; lastKnownFileType = sourcecode.c.h; path = SceneDelegate.h; sourceTree = "<group>"; };
		CB5330F026CF47F1008A024D /* SceneDelegate.m */ = {isa = PBXFileReference; lastKnownFileType = sourcecode.c.objc; path = SceneDelegate.m; sourceTree = "<group>"; };
		CB5330F626CF47F1008A024D /* Base */ = {isa = PBXFileReference; lastKnownFileType = file.storyboard; name = Base; path = Base.lproj/Main.storyboard; sourceTree = "<group>"; };
		CB5330F826CF47F3008A024D /* Assets.xcassets */ = {isa = PBXFileReference; lastKnownFileType = folder.assetcatalog; path = Assets.xcassets; sourceTree = "<group>"; };
		CB5330FB26CF47F3008A024D /* Base */ = {isa = PBXFileReference; lastKnownFileType = file.storyboard; name = Base; path = Base.lproj/LaunchScreen.storyboard; sourceTree = "<group>"; };
		CB5330FD26CF47F3008A024D /* Info.plist */ = {isa = PBXFileReference; lastKnownFileType = text.plist.xml; path = Info.plist; sourceTree = "<group>"; };
		CB5330FE26CF47F3008A024D /* main.m */ = {isa = PBXFileReference; lastKnownFileType = sourcecode.c.objc; path = main.m; sourceTree = "<group>"; };
		CB53310426CF47F4008A024D /* hin2nTests.xctest */ = {isa = PBXFileReference; explicitFileType = wrapper.cfbundle; includeInIndex = 0; path = hin2nTests.xctest; sourceTree = BUILT_PRODUCTS_DIR; };
		CB53310826CF47F4008A024D /* hin2nTests.m */ = {isa = PBXFileReference; lastKnownFileType = sourcecode.c.objc; path = hin2nTests.m; sourceTree = "<group>"; };
		CB53310A26CF47F4008A024D /* Info.plist */ = {isa = PBXFileReference; lastKnownFileType = text.plist.xml; path = Info.plist; sourceTree = "<group>"; };
		CB53310F26CF47F4008A024D /* hin2nUITests.xctest */ = {isa = PBXFileReference; explicitFileType = wrapper.cfbundle; includeInIndex = 0; path = hin2nUITests.xctest; sourceTree = BUILT_PRODUCTS_DIR; };
		CB53311326CF47F4008A024D /* hin2nUITests.m */ = {isa = PBXFileReference; lastKnownFileType = sourcecode.c.objc; path = hin2nUITests.m; sourceTree = "<group>"; };
		CB53311526CF47F4008A024D /* Info.plist */ = {isa = PBXFileReference; lastKnownFileType = text.plist.xml; path = Info.plist; sourceTree = "<group>"; };
		CB53312126CF48A6008A024D /* CurrentSettingListsVC.m */ = {isa = PBXFileReference; fileEncoding = 4; lastKnownFileType = sourcecode.c.objc; path = CurrentSettingListsVC.m; sourceTree = "<group>"; };
		CB53312426CF48A6008A024D /* SettingVC.h */ = {isa = PBXFileReference; fileEncoding = 4; lastKnownFileType = sourcecode.c.h; path = SettingVC.h; sourceTree = "<group>"; };
		CB53312526CF48A6008A024D /* CurrentSettingListsVC.h */ = {isa = PBXFileReference; fileEncoding = 4; lastKnownFileType = sourcecode.c.h; path = CurrentSettingListsVC.h; sourceTree = "<group>"; };
		CB53312726CF48A6008A024D /* mainVC.m */ = {isa = PBXFileReference; fileEncoding = 4; lastKnownFileType = sourcecode.c.objc; path = mainVC.m; sourceTree = "<group>"; };
		CB53312926CF48A7008A024D /* mainVC.h */ = {isa = PBXFileReference; fileEncoding = 4; lastKnownFileType = sourcecode.c.h; path = mainVC.h; sourceTree = "<group>"; };
		CB53312B26CF48A7008A024D /* FMDatabase.h */ = {isa = PBXFileReference; fileEncoding = 4; lastKnownFileType = sourcecode.c.h; path = FMDatabase.h; sourceTree = "<group>"; };
		CB53312C26CF48A7008A024D /* FMDatabaseQueue.m */ = {isa = PBXFileReference; fileEncoding = 4; lastKnownFileType = sourcecode.c.objc; path = FMDatabaseQueue.m; sourceTree = "<group>"; };
		CB53312D26CF48A7008A024D /* FMResultSet.h */ = {isa = PBXFileReference; fileEncoding = 4; lastKnownFileType = sourcecode.c.h; path = FMResultSet.h; sourceTree = "<group>"; };
		CB53312E26CF48A7008A024D /* FMDatabasePool.h */ = {isa = PBXFileReference; fileEncoding = 4; lastKnownFileType = sourcecode.c.h; path = FMDatabasePool.h; sourceTree = "<group>"; };
		CB53312F26CF48A7008A024D /* FMDatabaseAdditions.m */ = {isa = PBXFileReference; fileEncoding = 4; lastKnownFileType = sourcecode.c.objc; path = FMDatabaseAdditions.m; sourceTree = "<group>"; };
		CB53313026CF48A7008A024D /* FMDatabase.m */ = {isa = PBXFileReference; fileEncoding = 4; lastKnownFileType = sourcecode.c.objc; path = FMDatabase.m; sourceTree = "<group>"; };
		CB53313126CF48A7008A024D /* FMDatabaseQueue.h */ = {isa = PBXFileReference; fileEncoding = 4; lastKnownFileType = sourcecode.c.h; path = FMDatabaseQueue.h; sourceTree = "<group>"; };
		CB53313226CF48A7008A024D /* FMDB.h */ = {isa = PBXFileReference; fileEncoding = 4; lastKnownFileType = sourcecode.c.h; path = FMDB.h; sourceTree = "<group>"; };
		CB53313326CF48A7008A024D /* FMDatabaseAdditions.h */ = {isa = PBXFileReference; fileEncoding = 4; lastKnownFileType = sourcecode.c.h; path = FMDatabaseAdditions.h; sourceTree = "<group>"; };
		CB53313426CF48A7008A024D /* FMDatabasePool.m */ = {isa = PBXFileReference; fileEncoding = 4; lastKnownFileType = sourcecode.c.objc; path = FMDatabasePool.m; sourceTree = "<group>"; };
		CB53313526CF48A7008A024D /* FMResultSet.m */ = {isa = PBXFileReference; fileEncoding = 4; lastKnownFileType = sourcecode.c.objc; path = FMResultSet.m; sourceTree = "<group>"; };
		CB53313726CF48A7008A024D /* MASCompositeConstraint.h */ = {isa = PBXFileReference; fileEncoding = 4; lastKnownFileType = sourcecode.c.h; path = MASCompositeConstraint.h; sourceTree = "<group>"; };
		CB53313826CF48A7008A024D /* NSLayoutConstraint+MASDebugAdditions.m */ = {isa = PBXFileReference; fileEncoding = 4; lastKnownFileType = sourcecode.c.objc; path = "NSLayoutConstraint+MASDebugAdditions.m"; sourceTree = "<group>"; };
		CB53313926CF48A7008A024D /* MASConstraint+Private.h */ = {isa = PBXFileReference; fileEncoding = 4; lastKnownFileType = sourcecode.c.h; path = "MASConstraint+Private.h"; sourceTree = "<group>"; };
		CB53313A26CF48A7008A024D /* MASLayoutConstraint.h */ = {isa = PBXFileReference; fileEncoding = 4; lastKnownFileType = sourcecode.c.h; path = MASLayoutConstraint.h; sourceTree = "<group>"; };
		CB53313B26CF48A7008A024D /* NSArray+MASShorthandAdditions.h */ = {isa = PBXFileReference; fileEncoding = 4; lastKnownFileType = sourcecode.c.h; path = "NSArray+MASShorthandAdditions.h"; sourceTree = "<group>"; };
		CB53313C26CF48A7008A024D /* MASConstraintMaker.h */ = {isa = PBXFileReference; fileEncoding = 4; lastKnownFileType = sourcecode.c.h; path = MASConstraintMaker.h; sourceTree = "<group>"; };
		CB53313D26CF48A7008A024D /* View+MASAdditions.h */ = {isa = PBXFileReference; fileEncoding = 4; lastKnownFileType = sourcecode.c.h; path = "View+MASAdditions.h"; sourceTree = "<group>"; };
		CB53313E26CF48A7008A024D /* NSArray+MASAdditions.h */ = {isa = PBXFileReference; fileEncoding = 4; lastKnownFileType = sourcecode.c.h; path = "NSArray+MASAdditions.h"; sourceTree = "<group>"; };
		CB53313F26CF48A7008A024D /* MASUtilities.h */ = {isa = PBXFileReference; fileEncoding = 4; lastKnownFileType = sourcecode.c.h; path = MASUtilities.h; sourceTree = "<group>"; };
		CB53314026CF48A7008A024D /* MASViewAttribute.h */ = {isa = PBXFileReference; fileEncoding = 4; lastKnownFileType = sourcecode.c.h; path = MASViewAttribute.h; sourceTree = "<group>"; };
		CB53314126CF48A7008A024D /* ViewController+MASAdditions.m */ = {isa = PBXFileReference; fileEncoding = 4; lastKnownFileType = sourcecode.c.objc; path = "ViewController+MASAdditions.m"; sourceTree = "<group>"; };
		CB53314226CF48A7008A024D /* MASViewConstraint.h */ = {isa = PBXFileReference; fileEncoding = 4; lastKnownFileType = sourcecode.c.h; path = MASViewConstraint.h; sourceTree = "<group>"; };
		CB53314326CF48A7008A024D /* MASConstraint.h */ = {isa = PBXFileReference; fileEncoding = 4; lastKnownFileType = sourcecode.c.h; path = MASConstraint.h; sourceTree = "<group>"; };
		CB53314426CF48A7008A024D /* NSLayoutConstraint+MASDebugAdditions.h */ = {isa = PBXFileReference; fileEncoding = 4; lastKnownFileType = sourcecode.c.h; path = "NSLayoutConstraint+MASDebugAdditions.h"; sourceTree = "<group>"; };
		CB53314526CF48A7008A024D /* MASCompositeConstraint.m */ = {isa = PBXFileReference; fileEncoding = 4; lastKnownFileType = sourcecode.c.objc; path = MASCompositeConstraint.m; sourceTree = "<group>"; };
		CB53314626CF48A7008A024D /* MASConstraintMaker.m */ = {isa = PBXFileReference; fileEncoding = 4; lastKnownFileType = sourcecode.c.objc; path = MASConstraintMaker.m; sourceTree = "<group>"; };
		CB53314726CF48A7008A024D /* MASLayoutConstraint.m */ = {isa = PBXFileReference; fileEncoding = 4; lastKnownFileType = sourcecode.c.objc; path = MASLayoutConstraint.m; sourceTree = "<group>"; };
		CB53314826CF48A7008A024D /* NSArray+MASAdditions.m */ = {isa = PBXFileReference; fileEncoding = 4; lastKnownFileType = sourcecode.c.objc; path = "NSArray+MASAdditions.m"; sourceTree = "<group>"; };
		CB53314926CF48A7008A024D /* View+MASAdditions.m */ = {isa = PBXFileReference; fileEncoding = 4; lastKnownFileType = sourcecode.c.objc; path = "View+MASAdditions.m"; sourceTree = "<group>"; };
		CB53314A26CF48A7008A024D /* View+MASShorthandAdditions.h */ = {isa = PBXFileReference; fileEncoding = 4; lastKnownFileType = sourcecode.c.h; path = "View+MASShorthandAdditions.h"; sourceTree = "<group>"; };
		CB53314B26CF48A7008A024D /* Masonry.h */ = {isa = PBXFileReference; fileEncoding = 4; lastKnownFileType = sourcecode.c.h; path = Masonry.h; sourceTree = "<group>"; };
		CB53314C26CF48A7008A024D /* MASConstraint.m */ = {isa = PBXFileReference; fileEncoding = 4; lastKnownFileType = sourcecode.c.objc; path = MASConstraint.m; sourceTree = "<group>"; };
		CB53314D26CF48A7008A024D /* ViewController+MASAdditions.h */ = {isa = PBXFileReference; fileEncoding = 4; lastKnownFileType = sourcecode.c.h; path = "ViewController+MASAdditions.h"; sourceTree = "<group>"; };
		CB53314E26CF48A7008A024D /* MASViewConstraint.m */ = {isa = PBXFileReference; fileEncoding = 4; lastKnownFileType = sourcecode.c.objc; path = MASViewConstraint.m; sourceTree = "<group>"; };
		CB53314F26CF48A7008A024D /* MASViewAttribute.m */ = {isa = PBXFileReference; fileEncoding = 4; lastKnownFileType = sourcecode.c.objc; path = MASViewAttribute.m; sourceTree = "<group>"; };
		CB53315226CF48A7008A024D /* ListsViewCell.m */ = {isa = PBXFileReference; fileEncoding = 4; lastKnownFileType = sourcecode.c.objc; path = ListsViewCell.m; sourceTree = "<group>"; };
		CB53315326CF48A7008A024D /* ListsViewCell.xib */ = {isa = PBXFileReference; fileEncoding = 4; lastKnownFileType = file.xib; path = ListsViewCell.xib; sourceTree = "<group>"; };
		CB53315426CF48A7008A024D /* ListsViewCell.h */ = {isa = PBXFileReference; fileEncoding = 4; lastKnownFileType = sourcecode.c.h; path = ListsViewCell.h; sourceTree = "<group>"; };
		CB53315B26CF48A8008A024D /* SettingVC.m */ = {isa = PBXFileReference; fileEncoding = 4; lastKnownFileType = sourcecode.c.objc; path = SettingVC.m; sourceTree = "<group>"; };
		CB74D5F226F08D1500E87D63 /* MMWormholeSessionContextTransiting.h */ = {isa = PBXFileReference; fileEncoding = 4; lastKnownFileType = sourcecode.c.h; path = MMWormholeSessionContextTransiting.h; sourceTree = "<group>"; };
		CB74D5F326F08D1500E87D63 /* MMWormholeSessionFileTransiting.m */ = {isa = PBXFileReference; fileEncoding = 4; lastKnownFileType = sourcecode.c.objc; path = MMWormholeSessionFileTransiting.m; sourceTree = "<group>"; };
		CB74D5F426F08D1600E87D63 /* MMWormholeSessionMessageTransiting.h */ = {isa = PBXFileReference; fileEncoding = 4; lastKnownFileType = sourcecode.c.h; path = MMWormholeSessionMessageTransiting.h; sourceTree = "<group>"; };
		CB74D5F526F08D1600E87D63 /* MMWormholeTransiting.h */ = {isa = PBXFileReference; fileEncoding = 4; lastKnownFileType = sourcecode.c.h; path = MMWormholeTransiting.h; sourceTree = "<group>"; };
		CB74D5F626F08D1600E87D63 /* MMWormholeSession.h */ = {isa = PBXFileReference; fileEncoding = 4; lastKnownFileType = sourcecode.c.h; path = MMWormholeSession.h; sourceTree = "<group>"; };
		CB74D5F726F08D1600E87D63 /* MMWormholeFileTransiting.m */ = {isa = PBXFileReference; fileEncoding = 4; lastKnownFileType = sourcecode.c.objc; path = MMWormholeFileTransiting.m; sourceTree = "<group>"; };
		CB74D5F826F08D1600E87D63 /* MMWormholeCoordinatedFileTransiting.m */ = {isa = PBXFileReference; fileEncoding = 4; lastKnownFileType = sourcecode.c.objc; path = MMWormholeCoordinatedFileTransiting.m; sourceTree = "<group>"; };
		CB74D5F926F08D1600E87D63 /* MMWormhole.m */ = {isa = PBXFileReference; fileEncoding = 4; lastKnownFileType = sourcecode.c.objc; path = MMWormhole.m; sourceTree = "<group>"; };
		CB74D5FA26F08D1600E87D63 /* MMWormholeSessionFileTransiting.h */ = {isa = PBXFileReference; fileEncoding = 4; lastKnownFileType = sourcecode.c.h; path = MMWormholeSessionFileTransiting.h; sourceTree = "<group>"; };
		CB74D5FB26F08D1600E87D63 /* MMWormholeSessionContextTransiting.m */ = {isa = PBXFileReference; fileEncoding = 4; lastKnownFileType = sourcecode.c.objc; path = MMWormholeSessionContextTransiting.m; sourceTree = "<group>"; };
		CB74D5FC26F08D1600E87D63 /* MMWormholeSessionMessageTransiting.m */ = {isa = PBXFileReference; fileEncoding = 4; lastKnownFileType = sourcecode.c.objc; path = MMWormholeSessionMessageTransiting.m; sourceTree = "<group>"; };
		CB74D5FD26F08D1600E87D63 /* MMWormholeFileTransiting.h */ = {isa = PBXFileReference; fileEncoding = 4; lastKnownFileType = sourcecode.c.h; path = MMWormholeFileTransiting.h; sourceTree = "<group>"; };
		CB74D5FE26F08D1600E87D63 /* MMWormholeSession.m */ = {isa = PBXFileReference; fileEncoding = 4; lastKnownFileType = sourcecode.c.objc; path = MMWormholeSession.m; sourceTree = "<group>"; };
		CB74D5FF26F08D1600E87D63 /* MMWormhole.h */ = {isa = PBXFileReference; fileEncoding = 4; lastKnownFileType = sourcecode.c.h; path = MMWormhole.h; sourceTree = "<group>"; };
		CB74D60026F08D1600E87D63 /* MMWormholeCoordinatedFileTransiting.h */ = {isa = PBXFileReference; fileEncoding = 4; lastKnownFileType = sourcecode.c.h; path = MMWormholeCoordinatedFileTransiting.h; sourceTree = "<group>"; };
		CB75747326FDB62100CB3EDD /* LocalData.m */ = {isa = PBXFileReference; fileEncoding = 4; lastKnownFileType = sourcecode.c.objc; path = LocalData.m; sourceTree = "<group>"; };
		CB75747426FDB62100CB3EDD /* CurrentModelSetting.h */ = {isa = PBXFileReference; fileEncoding = 4; lastKnownFileType = sourcecode.c.h; path = CurrentModelSetting.h; sourceTree = "<group>"; };
		CB75747526FDB62100CB3EDD /* SettingModel.h */ = {isa = PBXFileReference; fileEncoding = 4; lastKnownFileType = sourcecode.c.h; path = SettingModel.h; sourceTree = "<group>"; };
		CB75747626FDB62100CB3EDD /* LocalData.h */ = {isa = PBXFileReference; fileEncoding = 4; lastKnownFileType = sourcecode.c.h; path = LocalData.h; sourceTree = "<group>"; };
		CB75747726FDB62100CB3EDD /* CurrentModelSetting.m */ = {isa = PBXFileReference; fileEncoding = 4; lastKnownFileType = sourcecode.c.objc; path = CurrentModelSetting.m; sourceTree = "<group>"; };
		CB75747826FDB62100CB3EDD /* SettingModel.m */ = {isa = PBXFileReference; fileEncoding = 4; lastKnownFileType = sourcecode.c.objc; path = SettingModel.m; sourceTree = "<group>"; };
		CB7EE6B926D6188000DEA5EF /* Tunnel.appex */ = {isa = PBXFileReference; explicitFileType = "wrapper.app-extension"; includeInIndex = 0; path = Tunnel.appex; sourceTree = BUILT_PRODUCTS_DIR; };
		CB7EE6BC26D6188000DEA5EF /* PacketTunnelProvider.h */ = {isa = PBXFileReference; lastKnownFileType = sourcecode.c.h; path = PacketTunnelProvider.h; sourceTree = "<group>"; };
		CB7EE6BD26D6188000DEA5EF /* PacketTunnelProvider.m */ = {isa = PBXFileReference; lastKnownFileType = sourcecode.c.objc; path = PacketTunnelProvider.m; sourceTree = "<group>"; };
		CB7EE6BF26D6188000DEA5EF /* Info.plist */ = {isa = PBXFileReference; lastKnownFileType = text.plist.xml; path = Info.plist; sourceTree = "<group>"; };
		CB7EE6C026D6188000DEA5EF /* Tunnel.entitlements */ = {isa = PBXFileReference; lastKnownFileType = text.plist.entitlements; path = Tunnel.entitlements; sourceTree = "<group>"; };
		CB7EE6DB26D62EA000DEA5EF /* hin2n-Bridging-Header.h */ = {isa = PBXFileReference; lastKnownFileType = sourcecode.c.h; path = "hin2n-Bridging-Header.h"; sourceTree = "<group>"; };
		CB854B1D26EF325D0095CA63 /* BridgeC2OC.m */ = {isa = PBXFileReference; fileEncoding = 4; lastKnownFileType = sourcecode.c.objc; path = BridgeC2OC.m; sourceTree = "<group>"; };
		CB854B1E26EF325D0095CA63 /* Hin2nTunnelManager.h */ = {isa = PBXFileReference; fileEncoding = 4; lastKnownFileType = sourcecode.c.h; path = Hin2nTunnelManager.h; sourceTree = "<group>"; };
		CB854B1F26EF325E0095CA63 /* Hin2nTunnelManager.m */ = {isa = PBXFileReference; fileEncoding = 4; lastKnownFileType = sourcecode.c.objc; path = Hin2nTunnelManager.m; sourceTree = "<group>"; };
		CB854B2026EF325E0095CA63 /* BridgeC2OC.h */ = {isa = PBXFileReference; fileEncoding = 4; lastKnownFileType = sourcecode.c.h; path = BridgeC2OC.h; sourceTree = "<group>"; };
		CB8CAEFF26E36251003D68F6 /* PacketDataManager.h */ = {isa = PBXFileReference; lastKnownFileType = sourcecode.c.h; path = PacketDataManager.h; sourceTree = "<group>"; };
		CB8CAF0026E36251003D68F6 /* PacketDataManager.c */ = {isa = PBXFileReference; lastKnownFileType = sourcecode.c.c; path = PacketDataManager.c; sourceTree = "<group>"; };
		CB8DF86126FB2CA600798323 /* silence.mp3 */ = {isa = PBXFileReference; lastKnownFileType = audio.mp3; path = silence.mp3; sourceTree = "<group>"; };
		CBAAC7D826D4FC4C00BFF8F2 /* hin2n.entitlements */ = {isa = PBXFileReference; lastKnownFileType = text.plist.entitlements; path = hin2n.entitlements; sourceTree = "<group>"; };
		CBAAC7D926D4FC4C00BFF8F2 /* NetworkExtension.framework */ = {isa = PBXFileReference; lastKnownFileType = wrapper.framework; name = NetworkExtension.framework; path = System/Library/Frameworks/NetworkExtension.framework; sourceTree = SDKROOT; };
/* End PBXFileReference section */

/* Begin PBXFrameworksBuildPhase section */
		CB5330E626CF47F1008A024D /* Frameworks */ = {
			isa = PBXFrameworksBuildPhase;
			buildActionMask = 2147483647;
			files = (
				997E10F627104FB20020D98B /* libcrypto.a in Frameworks */,
				5D34059C26ECAE4E00BD424B /* libslog.a in Frameworks */,
				5D34059D26ECAE4E00BD424B /* libuip.a in Frameworks */,
				5D2FE45B26EC688E00ED4943 /* libn2n_meyerd_v1.a in Frameworks */,
				5DC96BEA26EEDF1A00AF5DBA /* libn2n_meyerd_v2s.a in Frameworks */,
				5DE54FD426D0928000435594 /* libn2n_ntop_v2.a in Frameworks */,
				5DE54FD326D0927600435594 /* libn2n_ntop_v3.a in Frameworks */,
				CBAAC7DA26D4FC4C00BFF8F2 /* NetworkExtension.framework in Frameworks */,
			);
			runOnlyForDeploymentPostprocessing = 0;
		};
		CB53310126CF47F4008A024D /* Frameworks */ = {
			isa = PBXFrameworksBuildPhase;
			buildActionMask = 2147483647;
			files = (
			);
			runOnlyForDeploymentPostprocessing = 0;
		};
		CB53310C26CF47F4008A024D /* Frameworks */ = {
			isa = PBXFrameworksBuildPhase;
			buildActionMask = 2147483647;
			files = (
			);
			runOnlyForDeploymentPostprocessing = 0;
		};
		CB7EE6B626D6188000DEA5EF /* Frameworks */ = {
			isa = PBXFrameworksBuildPhase;
			buildActionMask = 2147483647;
			files = (
				CB7EE6BA26D6188000DEA5EF /* NetworkExtension.framework in Frameworks */,
			);
			runOnlyForDeploymentPostprocessing = 0;
		};
/* End PBXFrameworksBuildPhase section */

/* Begin PBXGroup section */
		5D2FE45426EC686000ED4943 /* Products */ = {
			isa = PBXGroup;
			children = (
				5D2FE45826EC686000ED4943 /* libn2n_meyerd_v1.a */,
			);
			name = Products;
			sourceTree = "<group>";
		};
		5D540D3D26EB1E80003CC62F /* Products */ = {
			isa = PBXGroup;
			children = (
				5D540D4126EB1E80003CC62F /* libuip.a */,
			);
			name = Products;
			sourceTree = "<group>";
		};
		5D5E77DA26EC7BB100479FE3 /* Products */ = {
			isa = PBXGroup;
			children = (
				5D5E77DE26EC7BB100479FE3 /* libslog.a */,
			);
			name = Products;
			sourceTree = "<group>";
		};
		5DC96BDA26EEDE6A00AF5DBA /* Products */ = {
			isa = PBXGroup;
			children = (
				5DC96BDE26EEDE6A00AF5DBA /* libn2n_meyerd_v2s.a */,
			);
			name = Products;
			sourceTree = "<group>";
		};
		5DE54FBE26D0917300435594 /* Products */ = {
			isa = PBXGroup;
			children = (
				5DE54FC226D0917300435594 /* libn2n_ntop_v2.a */,
			);
			name = Products;
			sourceTree = "<group>";
		};
		5DE54FCA26D0918400435594 /* Products */ = {
			isa = PBXGroup;
			children = (
				5DE54FCE26D0918400435594 /* libn2n_ntop_v3.a */,
			);
			name = Products;
			sourceTree = "<group>";
		};
		5DE54FCF26D091A000435594 /* Frameworks */ = {
			isa = PBXGroup;
			children = (
				997E10F427104DED0020D98B /* libcrypto.a */,
				CBAAC7D926D4FC4C00BFF8F2 /* NetworkExtension.framework */,
			);
			name = Frameworks;
			sourceTree = "<group>";
		};
		CB5330E026CF47F1008A024D = {
			isa = PBXGroup;
			children = (
				5D5E77D926EC7BB100479FE3 /* slog.xcodeproj */,
				5D540D3C26EB1E80003CC62F /* uip.xcodeproj */,
				5D2FE45326EC686000ED4943 /* n2n_meyerd_v1.xcodeproj */,
				5DC96BD926EEDE6A00AF5DBA /* n2n_meyerd_v2s.xcodeproj */,
				5DE54FBD26D0917300435594 /* n2n_ntop_v2.xcodeproj */,
				5DE54FC926D0918400435594 /* n2n_ntop_v3.xcodeproj */,
				5DE54FCF26D091A000435594 /* Frameworks */,
				CB5330EB26CF47F1008A024D /* hin2n */,
				CB53310726CF47F4008A024D /* hin2nTests */,
				CB53311226CF47F4008A024D /* hin2nUITests */,
				CB5330EA26CF47F1008A024D /* Products */,
				CB7EE6BB26D6188000DEA5EF /* Tunnel */,
			);
			sourceTree = "<group>";
		};
		CB5330EA26CF47F1008A024D /* Products */ = {
			isa = PBXGroup;
			children = (
				CB5330E926CF47F1008A024D /* hin2n.app */,
				CB53310426CF47F4008A024D /* hin2nTests.xctest */,
				CB53310F26CF47F4008A024D /* hin2nUITests.xctest */,
				CB7EE6B926D6188000DEA5EF /* Tunnel.appex */,
			);
			name = Products;
			sourceTree = "<group>";
		};
		CB5330EB26CF47F1008A024D /* hin2n */ = {
			isa = PBXGroup;
			children = (
				CB75747226FDB62100CB3EDD /* model */,
				CB74D5F126F08D1500E87D63 /* public */,
				CB854B2026EF325E0095CA63 /* BridgeC2OC.h */,
				CB854B1D26EF325D0095CA63 /* BridgeC2OC.m */,
				CB854B1E26EF325D0095CA63 /* Hin2nTunnelManager.h */,
				CB854B1F26EF325E0095CA63 /* Hin2nTunnelManager.m */,
				CBAAC7D826D4FC4C00BFF8F2 /* hin2n.entitlements */,
				CB53312A26CF48A7008A024D /* fmdb */,
				CB53313626CF48A7008A024D /* Masonry */,
				CB53315126CF48A7008A024D /* view */,
				CB5330EC26CF47F1008A024D /* AppDelegate.h */,
				CB5330ED26CF47F1008A024D /* AppDelegate.m */,
				CB5330EF26CF47F1008A024D /* SceneDelegate.h */,
				CB5330F026CF47F1008A024D /* SceneDelegate.m */,
				CB53312526CF48A6008A024D /* CurrentSettingListsVC.h */,
				CB53312126CF48A6008A024D /* CurrentSettingListsVC.m */,
				CB53312926CF48A7008A024D /* mainVC.h */,
				CB53312726CF48A6008A024D /* mainVC.m */,
				CB53312426CF48A6008A024D /* SettingVC.h */,
				CB53315B26CF48A8008A024D /* SettingVC.m */,
				CB5330F526CF47F1008A024D /* Main.storyboard */,
				CB5330F826CF47F3008A024D /* Assets.xcassets */,
				CB5330FA26CF47F3008A024D /* LaunchScreen.storyboard */,
				CB5330FD26CF47F3008A024D /* Info.plist */,
				CB5330FE26CF47F3008A024D /* main.m */,
				5DE54FBB26D0905000435594 /* libs_def.h */,
				5DE54FBC26D090AD00435594 /* edge_ios.h */,
				5DE54FF326D0A1BE00435594 /* edge_ios.c */,
				CB8CAEFF26E36251003D68F6 /* PacketDataManager.h */,
				CB8CAF0026E36251003D68F6 /* PacketDataManager.c */,
				CB7EE6DB26D62EA000DEA5EF /* hin2n-Bridging-Header.h */,
				CB8DF86026FB2CA600798323 /* MP3 */,
			);
			path = hin2n;
			sourceTree = "<group>";
		};
		CB53310726CF47F4008A024D /* hin2nTests */ = {
			isa = PBXGroup;
			children = (
				CB53310826CF47F4008A024D /* hin2nTests.m */,
				CB53310A26CF47F4008A024D /* Info.plist */,
			);
			path = hin2nTests;
			sourceTree = "<group>";
		};
		CB53311226CF47F4008A024D /* hin2nUITests */ = {
			isa = PBXGroup;
			children = (
				CB53311326CF47F4008A024D /* hin2nUITests.m */,
				CB53311526CF47F4008A024D /* Info.plist */,
			);
			path = hin2nUITests;
			sourceTree = "<group>";
		};
		CB53312A26CF48A7008A024D /* fmdb */ = {
			isa = PBXGroup;
			children = (
				CB53312B26CF48A7008A024D /* FMDatabase.h */,
				CB53312C26CF48A7008A024D /* FMDatabaseQueue.m */,
				CB53312D26CF48A7008A024D /* FMResultSet.h */,
				CB53312E26CF48A7008A024D /* FMDatabasePool.h */,
				CB53312F26CF48A7008A024D /* FMDatabaseAdditions.m */,
				CB53313026CF48A7008A024D /* FMDatabase.m */,
				CB53313126CF48A7008A024D /* FMDatabaseQueue.h */,
				CB53313226CF48A7008A024D /* FMDB.h */,
				CB53313326CF48A7008A024D /* FMDatabaseAdditions.h */,
				CB53313426CF48A7008A024D /* FMDatabasePool.m */,
				CB53313526CF48A7008A024D /* FMResultSet.m */,
			);
			path = fmdb;
			sourceTree = "<group>";
		};
		CB53313626CF48A7008A024D /* Masonry */ = {
			isa = PBXGroup;
			children = (
				CB53313726CF48A7008A024D /* MASCompositeConstraint.h */,
				CB53313826CF48A7008A024D /* NSLayoutConstraint+MASDebugAdditions.m */,
				CB53313926CF48A7008A024D /* MASConstraint+Private.h */,
				CB53313A26CF48A7008A024D /* MASLayoutConstraint.h */,
				CB53313B26CF48A7008A024D /* NSArray+MASShorthandAdditions.h */,
				CB53313C26CF48A7008A024D /* MASConstraintMaker.h */,
				CB53313D26CF48A7008A024D /* View+MASAdditions.h */,
				CB53313E26CF48A7008A024D /* NSArray+MASAdditions.h */,
				CB53313F26CF48A7008A024D /* MASUtilities.h */,
				CB53314026CF48A7008A024D /* MASViewAttribute.h */,
				CB53314126CF48A7008A024D /* ViewController+MASAdditions.m */,
				CB53314226CF48A7008A024D /* MASViewConstraint.h */,
				CB53314326CF48A7008A024D /* MASConstraint.h */,
				CB53314426CF48A7008A024D /* NSLayoutConstraint+MASDebugAdditions.h */,
				CB53314526CF48A7008A024D /* MASCompositeConstraint.m */,
				CB53314626CF48A7008A024D /* MASConstraintMaker.m */,
				CB53314726CF48A7008A024D /* MASLayoutConstraint.m */,
				CB53314826CF48A7008A024D /* NSArray+MASAdditions.m */,
				CB53314926CF48A7008A024D /* View+MASAdditions.m */,
				CB53314A26CF48A7008A024D /* View+MASShorthandAdditions.h */,
				CB53314B26CF48A7008A024D /* Masonry.h */,
				CB53314C26CF48A7008A024D /* MASConstraint.m */,
				CB53314D26CF48A7008A024D /* ViewController+MASAdditions.h */,
				CB53314E26CF48A7008A024D /* MASViewConstraint.m */,
				CB53314F26CF48A7008A024D /* MASViewAttribute.m */,
			);
			path = Masonry;
			sourceTree = "<group>";
		};
		CB53315126CF48A7008A024D /* view */ = {
			isa = PBXGroup;
			children = (
				CB53315426CF48A7008A024D /* ListsViewCell.h */,
				CB53315226CF48A7008A024D /* ListsViewCell.m */,
				CB53315326CF48A7008A024D /* ListsViewCell.xib */,
			);
			path = view;
			sourceTree = "<group>";
		};
		CB74D5F126F08D1500E87D63 /* public */ = {
			isa = PBXGroup;
			children = (
				CB74D5F226F08D1500E87D63 /* MMWormholeSessionContextTransiting.h */,
				CB74D5F326F08D1500E87D63 /* MMWormholeSessionFileTransiting.m */,
				CB74D5F426F08D1600E87D63 /* MMWormholeSessionMessageTransiting.h */,
				CB74D5F526F08D1600E87D63 /* MMWormholeTransiting.h */,
				CB74D5F626F08D1600E87D63 /* MMWormholeSession.h */,
				CB74D5F726F08D1600E87D63 /* MMWormholeFileTransiting.m */,
				CB74D5F826F08D1600E87D63 /* MMWormholeCoordinatedFileTransiting.m */,
				CB74D5F926F08D1600E87D63 /* MMWormhole.m */,
				CB74D5FA26F08D1600E87D63 /* MMWormholeSessionFileTransiting.h */,
				CB74D5FB26F08D1600E87D63 /* MMWormholeSessionContextTransiting.m */,
				CB74D5FC26F08D1600E87D63 /* MMWormholeSessionMessageTransiting.m */,
				CB74D5FD26F08D1600E87D63 /* MMWormholeFileTransiting.h */,
				CB74D5FE26F08D1600E87D63 /* MMWormholeSession.m */,
				CB74D5FF26F08D1600E87D63 /* MMWormhole.h */,
				CB74D60026F08D1600E87D63 /* MMWormholeCoordinatedFileTransiting.h */,
			);
			path = public;
			sourceTree = "<group>";
		};
		CB75747226FDB62100CB3EDD /* model */ = {
			isa = PBXGroup;
			children = (
				CB75747626FDB62100CB3EDD /* LocalData.h */,
				CB75747326FDB62100CB3EDD /* LocalData.m */,
				CB75747426FDB62100CB3EDD /* CurrentModelSetting.h */,
				CB75747726FDB62100CB3EDD /* CurrentModelSetting.m */,
				CB75747526FDB62100CB3EDD /* SettingModel.h */,
				CB75747826FDB62100CB3EDD /* SettingModel.m */,
			);
			path = model;
			sourceTree = "<group>";
		};
		CB7EE6BB26D6188000DEA5EF /* Tunnel */ = {
			isa = PBXGroup;
			children = (
				CB7EE6BC26D6188000DEA5EF /* PacketTunnelProvider.h */,
				CB7EE6BD26D6188000DEA5EF /* PacketTunnelProvider.m */,
				CB7EE6BF26D6188000DEA5EF /* Info.plist */,
				CB7EE6C026D6188000DEA5EF /* Tunnel.entitlements */,
			);
			path = Tunnel;
			sourceTree = "<group>";
		};
		CB8DF86026FB2CA600798323 /* MP3 */ = {
			isa = PBXGroup;
			children = (
				CB8DF86126FB2CA600798323 /* silence.mp3 */,
			);
			path = MP3;
			sourceTree = "<group>";
		};
/* End PBXGroup section */

/* Begin PBXNativeTarget section */
		CB5330E826CF47F1008A024D /* hin2n */ = {
			isa = PBXNativeTarget;
			buildConfigurationList = CB53311826CF47F4008A024D /* Build configuration list for PBXNativeTarget "hin2n" */;
			buildPhases = (
				CB5330E526CF47F1008A024D /* Sources */,
				CB5330E626CF47F1008A024D /* Frameworks */,
				CB5330E726CF47F1008A024D /* Resources */,
				CB7EE6C426D6188000DEA5EF /* Embed App Extensions */,
			);
			buildRules = (
			);
			dependencies = (
				5D5E77E026EC87F800479FE3 /* PBXTargetDependency */,
				5D540D4826EB1F3B003CC62F /* PBXTargetDependency */,
				5D2FE45A26EC688200ED4943 /* PBXTargetDependency */,
				5DC96BE826EEDF0F00AF5DBA /* PBXTargetDependency */,
				5D540D0A26EB0775003CC62F /* PBXTargetDependency */,
				5D540D0826EB0775003CC62F /* PBXTargetDependency */,
				CB7EE6C226D6188000DEA5EF /* PBXTargetDependency */,
			);
			name = hin2n;
			productName = hin2n;
			productReference = CB5330E926CF47F1008A024D /* hin2n.app */;
			productType = "com.apple.product-type.application";
		};
		CB53310326CF47F4008A024D /* hin2nTests */ = {
			isa = PBXNativeTarget;
			buildConfigurationList = CB53311B26CF47F4008A024D /* Build configuration list for PBXNativeTarget "hin2nTests" */;
			buildPhases = (
				CB53310026CF47F4008A024D /* Sources */,
				CB53310126CF47F4008A024D /* Frameworks */,
				CB53310226CF47F4008A024D /* Resources */,
			);
			buildRules = (
			);
			dependencies = (
				CB53310626CF47F4008A024D /* PBXTargetDependency */,
			);
			name = hin2nTests;
			productName = hin2nTests;
			productReference = CB53310426CF47F4008A024D /* hin2nTests.xctest */;
			productType = "com.apple.product-type.bundle.unit-test";
		};
		CB53310E26CF47F4008A024D /* hin2nUITests */ = {
			isa = PBXNativeTarget;
			buildConfigurationList = CB53311E26CF47F4008A024D /* Build configuration list for PBXNativeTarget "hin2nUITests" */;
			buildPhases = (
				CB53310B26CF47F4008A024D /* Sources */,
				CB53310C26CF47F4008A024D /* Frameworks */,
				CB53310D26CF47F4008A024D /* Resources */,
			);
			buildRules = (
			);
			dependencies = (
				CB53311126CF47F4008A024D /* PBXTargetDependency */,
			);
			name = hin2nUITests;
			productName = hin2nUITests;
			productReference = CB53310F26CF47F4008A024D /* hin2nUITests.xctest */;
			productType = "com.apple.product-type.bundle.ui-testing";
		};
		CB7EE6B826D6188000DEA5EF /* Tunnel */ = {
			isa = PBXNativeTarget;
			buildConfigurationList = CB7EE6C926D6188000DEA5EF /* Build configuration list for PBXNativeTarget "Tunnel" */;
			buildPhases = (
				CB7EE6B526D6188000DEA5EF /* Sources */,
				CB7EE6B626D6188000DEA5EF /* Frameworks */,
				CB7EE6B726D6188000DEA5EF /* Resources */,
			);
			buildRules = (
			);
			dependencies = (
			);
			name = Tunnel;
			productName = Tunnel;
			productReference = CB7EE6B926D6188000DEA5EF /* Tunnel.appex */;
			productType = "com.apple.product-type.app-extension";
		};
/* End PBXNativeTarget section */

/* Begin PBXProject section */
		CB5330E126CF47F1008A024D /* Project object */ = {
			isa = PBXProject;
			attributes = {
				LastUpgradeCheck = 1300;
				TargetAttributes = {
					CB5330E826CF47F1008A024D = {
						CreatedOnToolsVersion = 12.5;
						LastSwiftMigration = 1250;
					};
					CB53310326CF47F4008A024D = {
						CreatedOnToolsVersion = 12.5;
						TestTargetID = CB5330E826CF47F1008A024D;
					};
					CB53310E26CF47F4008A024D = {
						CreatedOnToolsVersion = 12.5;
						TestTargetID = CB5330E826CF47F1008A024D;
					};
					CB7EE6B826D6188000DEA5EF = {
						CreatedOnToolsVersion = 12.5;
					};
				};
			};
			buildConfigurationList = CB5330E426CF47F1008A024D /* Build configuration list for PBXProject "hin2n" */;
			compatibilityVersion = "Xcode 9.3";
			developmentRegion = en;
			hasScannedForEncodings = 0;
			knownRegions = (
				en,
				Base,
			);
			mainGroup = CB5330E026CF47F1008A024D;
			productRefGroup = CB5330EA26CF47F1008A024D /* Products */;
			projectDirPath = "";
			projectReferences = (
				{
					ProductGroup = 5D2FE45426EC686000ED4943 /* Products */;
					ProjectRef = 5D2FE45326EC686000ED4943 /* n2n_meyerd_v1.xcodeproj */;
				},
				{
					ProductGroup = 5DC96BDA26EEDE6A00AF5DBA /* Products */;
					ProjectRef = 5DC96BD926EEDE6A00AF5DBA /* n2n_meyerd_v2s.xcodeproj */;
				},
				{
					ProductGroup = 5DE54FBE26D0917300435594 /* Products */;
					ProjectRef = 5DE54FBD26D0917300435594 /* n2n_ntop_v2.xcodeproj */;
				},
				{
					ProductGroup = 5DE54FCA26D0918400435594 /* Products */;
					ProjectRef = 5DE54FC926D0918400435594 /* n2n_ntop_v3.xcodeproj */;
				},
				{
					ProductGroup = 5D5E77DA26EC7BB100479FE3 /* Products */;
					ProjectRef = 5D5E77D926EC7BB100479FE3 /* slog.xcodeproj */;
				},
				{
					ProductGroup = 5D540D3D26EB1E80003CC62F /* Products */;
					ProjectRef = 5D540D3C26EB1E80003CC62F /* uip.xcodeproj */;
				},
			);
			projectRoot = "";
			targets = (
				CB5330E826CF47F1008A024D /* hin2n */,
				CB53310326CF47F4008A024D /* hin2nTests */,
				CB53310E26CF47F4008A024D /* hin2nUITests */,
				CB7EE6B826D6188000DEA5EF /* Tunnel */,
			);
		};
/* End PBXProject section */

/* Begin PBXReferenceProxy section */
		5D2FE45826EC686000ED4943 /* libn2n_meyerd_v1.a */ = {
			isa = PBXReferenceProxy;
			fileType = archive.ar;
			path = libn2n_meyerd_v1.a;
			remoteRef = 5D2FE45726EC686000ED4943 /* PBXContainerItemProxy */;
			sourceTree = BUILT_PRODUCTS_DIR;
		};
		5D540D4126EB1E80003CC62F /* libuip.a */ = {
			isa = PBXReferenceProxy;
			fileType = archive.ar;
			path = libuip.a;
			remoteRef = 5D540D4026EB1E80003CC62F /* PBXContainerItemProxy */;
			sourceTree = BUILT_PRODUCTS_DIR;
		};
		5D5E77DE26EC7BB100479FE3 /* libslog.a */ = {
			isa = PBXReferenceProxy;
			fileType = archive.ar;
			path = libslog.a;
			remoteRef = 5D5E77DD26EC7BB100479FE3 /* PBXContainerItemProxy */;
			sourceTree = BUILT_PRODUCTS_DIR;
		};
		5DC96BDE26EEDE6A00AF5DBA /* libn2n_meyerd_v2s.a */ = {
			isa = PBXReferenceProxy;
			fileType = archive.ar;
			path = libn2n_meyerd_v2s.a;
			remoteRef = 5DC96BDD26EEDE6A00AF5DBA /* PBXContainerItemProxy */;
			sourceTree = BUILT_PRODUCTS_DIR;
		};
		5DE54FC226D0917300435594 /* libn2n_ntop_v2.a */ = {
			isa = PBXReferenceProxy;
			fileType = archive.ar;
			path = libn2n_ntop_v2.a;
			remoteRef = 5DE54FC126D0917300435594 /* PBXContainerItemProxy */;
			sourceTree = BUILT_PRODUCTS_DIR;
		};
		5DE54FCE26D0918400435594 /* libn2n_ntop_v3.a */ = {
			isa = PBXReferenceProxy;
			fileType = archive.ar;
			path = libn2n_ntop_v3.a;
			remoteRef = 5DE54FCD26D0918400435594 /* PBXContainerItemProxy */;
			sourceTree = BUILT_PRODUCTS_DIR;
		};
/* End PBXReferenceProxy section */

/* Begin PBXResourcesBuildPhase section */
		CB5330E726CF47F1008A024D /* Resources */ = {
			isa = PBXResourcesBuildPhase;
			buildActionMask = 2147483647;
			files = (
				CB8DF86226FB2CA600798323 /* silence.mp3 in Resources */,
				CB53317326CF48A8008A024D /* ListsViewCell.xib in Resources */,
				CB5330FC26CF47F3008A024D /* LaunchScreen.storyboard in Resources */,
				CB5330F926CF47F3008A024D /* Assets.xcassets in Resources */,
				CB5330F726CF47F1008A024D /* Main.storyboard in Resources */,
			);
			runOnlyForDeploymentPostprocessing = 0;
		};
		CB53310226CF47F4008A024D /* Resources */ = {
			isa = PBXResourcesBuildPhase;
			buildActionMask = 2147483647;
			files = (
			);
			runOnlyForDeploymentPostprocessing = 0;
		};
		CB53310D26CF47F4008A024D /* Resources */ = {
			isa = PBXResourcesBuildPhase;
			buildActionMask = 2147483647;
			files = (
			);
			runOnlyForDeploymentPostprocessing = 0;
		};
		CB7EE6B726D6188000DEA5EF /* Resources */ = {
			isa = PBXResourcesBuildPhase;
			buildActionMask = 2147483647;
			files = (
			);
			runOnlyForDeploymentPostprocessing = 0;
		};
/* End PBXResourcesBuildPhase section */

/* Begin PBXSourcesBuildPhase section */
		CB5330E526CF47F1008A024D /* Sources */ = {
			isa = PBXSourcesBuildPhase;
			buildActionMask = 2147483647;
			files = (
				CB53317626CF48A8008A024D /* SettingVC.m in Sources */,
				CB53315D26CF48A8008A024D /* CurrentSettingListsVC.m in Sources */,
				CB53316826CF48A8008A024D /* ViewController+MASAdditions.m in Sources */,
				CB75747926FDB62100CB3EDD /* LocalData.m in Sources */,
				CB74D60B26F08D1600E87D63 /* MMWormholeSessionMessageTransiting.m in Sources */,
				5DE54FF426D0A1BE00435594 /* edge_ios.c in Sources */,
				CB53316626CF48A8008A024D /* FMResultSet.m in Sources */,
				CB75747A26FDB62100CB3EDD /* CurrentModelSetting.m in Sources */,
				CB74D60126F08D1600E87D63 /* MMWormholeSessionFileTransiting.m in Sources */,
				CB53316526CF48A8008A024D /* FMDatabasePool.m in Sources */,
				CB53317026CF48A8008A024D /* MASViewAttribute.m in Sources */,
				CB74D60D26F08D1600E87D63 /* MMWormholeSession.m in Sources */,
				CB74D60926F08D1600E87D63 /* MMWormholeSessionContextTransiting.m in Sources */,
				CB53316B26CF48A8008A024D /* MASLayoutConstraint.m in Sources */,
				CB854B2126EF325E0095CA63 /* BridgeC2OC.m in Sources */,
				CB53316A26CF48A8008A024D /* MASConstraintMaker.m in Sources */,
				CB75747B26FDB62100CB3EDD /* SettingModel.m in Sources */,
				CB53316F26CF48A8008A024D /* MASViewConstraint.m in Sources */,
				CB74D60726F08D1600E87D63 /* MMWormhole.m in Sources */,
				CB53316426CF48A8008A024D /* FMDatabase.m in Sources */,
				CB8CAF0126E36251003D68F6 /* PacketDataManager.c in Sources */,
				CB74D60526F08D1600E87D63 /* MMWormholeCoordinatedFileTransiting.m in Sources */,
				CB53317226CF48A8008A024D /* ListsViewCell.m in Sources */,
				CB5330EE26CF47F1008A024D /* AppDelegate.m in Sources */,
				CB53316726CF48A8008A024D /* NSLayoutConstraint+MASDebugAdditions.m in Sources */,
				CB53316C26CF48A8008A024D /* NSArray+MASAdditions.m in Sources */,
				CB53316926CF48A8008A024D /* MASCompositeConstraint.m in Sources */,
				CB53316226CF48A8008A024D /* FMDatabaseQueue.m in Sources */,
				CB53316126CF48A8008A024D /* mainVC.m in Sources */,
				CB74D60326F08D1600E87D63 /* MMWormholeFileTransiting.m in Sources */,
				CB53316E26CF48A8008A024D /* MASConstraint.m in Sources */,
				CB53316326CF48A8008A024D /* FMDatabaseAdditions.m in Sources */,
				CB5330FF26CF47F3008A024D /* main.m in Sources */,
				CB5330F126CF47F1008A024D /* SceneDelegate.m in Sources */,
				CB53316D26CF48A8008A024D /* View+MASAdditions.m in Sources */,
				CB854B2326EF325E0095CA63 /* Hin2nTunnelManager.m in Sources */,
			);
			runOnlyForDeploymentPostprocessing = 0;
		};
		CB53310026CF47F4008A024D /* Sources */ = {
			isa = PBXSourcesBuildPhase;
			buildActionMask = 2147483647;
			files = (
				CB53310926CF47F4008A024D /* hin2nTests.m in Sources */,
			);
			runOnlyForDeploymentPostprocessing = 0;
		};
		CB53310B26CF47F4008A024D /* Sources */ = {
			isa = PBXSourcesBuildPhase;
			buildActionMask = 2147483647;
			files = (
				CB53311426CF47F4008A024D /* hin2nUITests.m in Sources */,
			);
			runOnlyForDeploymentPostprocessing = 0;
		};
		CB7EE6B526D6188000DEA5EF /* Sources */ = {
			isa = PBXSourcesBuildPhase;
			buildActionMask = 2147483647;
			files = (
				CB854B2426EF325E0095CA63 /* Hin2nTunnelManager.m in Sources */,
				CB74D60A26F08D1600E87D63 /* MMWormholeSessionContextTransiting.m in Sources */,
				CB74D60626F08D1600E87D63 /* MMWormholeCoordinatedFileTransiting.m in Sources */,
				CB8CAF0226E36251003D68F6 /* PacketDataManager.c in Sources */,
				CB74D60826F08D1600E87D63 /* MMWormhole.m in Sources */,
				CB74D60C26F08D1600E87D63 /* MMWormholeSessionMessageTransiting.m in Sources */,
				CB7EE6BE26D6188000DEA5EF /* PacketTunnelProvider.m in Sources */,
				CB74D60226F08D1600E87D63 /* MMWormholeSessionFileTransiting.m in Sources */,
				CB74D60426F08D1600E87D63 /* MMWormholeFileTransiting.m in Sources */,
				CB854B2226EF325E0095CA63 /* BridgeC2OC.m in Sources */,
				CB74D60E26F08D1600E87D63 /* MMWormholeSession.m in Sources */,
			);
			runOnlyForDeploymentPostprocessing = 0;
		};
/* End PBXSourcesBuildPhase section */

/* Begin PBXTargetDependency section */
		5D2FE45A26EC688200ED4943 /* PBXTargetDependency */ = {
			isa = PBXTargetDependency;
			name = n2n_meyerd_v1;
			targetProxy = 5D2FE45926EC688200ED4943 /* PBXContainerItemProxy */;
		};
		5D540D0826EB0775003CC62F /* PBXTargetDependency */ = {
			isa = PBXTargetDependency;
			name = n2n_ntop_v3;
			targetProxy = 5D540D0726EB0775003CC62F /* PBXContainerItemProxy */;
		};
		5D540D0A26EB0775003CC62F /* PBXTargetDependency */ = {
			isa = PBXTargetDependency;
			name = n2n_ntop_v2;
			targetProxy = 5D540D0926EB0775003CC62F /* PBXContainerItemProxy */;
		};
		5D540D4826EB1F3B003CC62F /* PBXTargetDependency */ = {
			isa = PBXTargetDependency;
			name = uip;
			targetProxy = 5D540D4726EB1F3B003CC62F /* PBXContainerItemProxy */;
		};
		5D5E77E026EC87F800479FE3 /* PBXTargetDependency */ = {
			isa = PBXTargetDependency;
			name = slog;
			targetProxy = 5D5E77DF26EC87F800479FE3 /* PBXContainerItemProxy */;
		};
		5DC96BE826EEDF0F00AF5DBA /* PBXTargetDependency */ = {
			isa = PBXTargetDependency;
			name = n2n_meyerd_v2s;
			targetProxy = 5DC96BE726EEDF0F00AF5DBA /* PBXContainerItemProxy */;
		};
		CB53310626CF47F4008A024D /* PBXTargetDependency */ = {
			isa = PBXTargetDependency;
			target = CB5330E826CF47F1008A024D /* hin2n */;
			targetProxy = CB53310526CF47F4008A024D /* PBXContainerItemProxy */;
		};
		CB53311126CF47F4008A024D /* PBXTargetDependency */ = {
			isa = PBXTargetDependency;
			target = CB5330E826CF47F1008A024D /* hin2n */;
			targetProxy = CB53311026CF47F4008A024D /* PBXContainerItemProxy */;
		};
		CB7EE6C226D6188000DEA5EF /* PBXTargetDependency */ = {
			isa = PBXTargetDependency;
			target = CB7EE6B826D6188000DEA5EF /* Tunnel */;
			targetProxy = CB7EE6C126D6188000DEA5EF /* PBXContainerItemProxy */;
		};
/* End PBXTargetDependency section */

/* Begin PBXVariantGroup section */
		CB5330F526CF47F1008A024D /* Main.storyboard */ = {
			isa = PBXVariantGroup;
			children = (
				CB5330F626CF47F1008A024D /* Base */,
			);
			name = Main.storyboard;
			sourceTree = "<group>";
		};
		CB5330FA26CF47F3008A024D /* LaunchScreen.storyboard */ = {
			isa = PBXVariantGroup;
			children = (
				CB5330FB26CF47F3008A024D /* Base */,
			);
			name = LaunchScreen.storyboard;
			sourceTree = "<group>";
		};
/* End PBXVariantGroup section */

/* Begin XCBuildConfiguration section */
		CB53311626CF47F4008A024D /* Debug */ = {
			isa = XCBuildConfiguration;
			buildSettings = {
				ALWAYS_SEARCH_USER_PATHS = NO;
				CLANG_ANALYZER_NONNULL = YES;
				CLANG_ANALYZER_NUMBER_OBJECT_CONVERSION = YES_AGGRESSIVE;
				CLANG_CXX_LANGUAGE_STANDARD = "gnu++14";
				CLANG_CXX_LIBRARY = "libc++";
				CLANG_ENABLE_MODULES = YES;
				CLANG_ENABLE_OBJC_ARC = YES;
				CLANG_ENABLE_OBJC_WEAK = YES;
				CLANG_WARN_BLOCK_CAPTURE_AUTORELEASING = YES;
				CLANG_WARN_BOOL_CONVERSION = YES;
				CLANG_WARN_COMMA = YES;
				CLANG_WARN_CONSTANT_CONVERSION = YES;
				CLANG_WARN_DEPRECATED_OBJC_IMPLEMENTATIONS = YES;
				CLANG_WARN_DIRECT_OBJC_ISA_USAGE = YES_ERROR;
				CLANG_WARN_DOCUMENTATION_COMMENTS = YES;
				CLANG_WARN_EMPTY_BODY = YES;
				CLANG_WARN_ENUM_CONVERSION = YES;
				CLANG_WARN_INFINITE_RECURSION = YES;
				CLANG_WARN_INT_CONVERSION = YES;
				CLANG_WARN_NON_LITERAL_NULL_CONVERSION = YES;
				CLANG_WARN_OBJC_IMPLICIT_RETAIN_SELF = YES;
				CLANG_WARN_OBJC_LITERAL_CONVERSION = YES;
				CLANG_WARN_OBJC_ROOT_CLASS = YES_ERROR;
				CLANG_WARN_QUOTED_INCLUDE_IN_FRAMEWORK_HEADER = YES;
				CLANG_WARN_RANGE_LOOP_ANALYSIS = YES;
				CLANG_WARN_STRICT_PROTOTYPES = YES;
				CLANG_WARN_SUSPICIOUS_MOVE = YES;
				CLANG_WARN_UNGUARDED_AVAILABILITY = YES_AGGRESSIVE;
				CLANG_WARN_UNREACHABLE_CODE = YES;
				CLANG_WARN__DUPLICATE_METHOD_MATCH = YES;
				COPY_PHASE_STRIP = NO;
				DEBUG_INFORMATION_FORMAT = dwarf;
				ENABLE_STRICT_OBJC_MSGSEND = YES;
				ENABLE_TESTABILITY = YES;
				GCC_C_LANGUAGE_STANDARD = gnu11;
				GCC_DYNAMIC_NO_PIC = NO;
				GCC_NO_COMMON_BLOCKS = YES;
				GCC_OPTIMIZATION_LEVEL = 0;
				GCC_PREPROCESSOR_DEFINITIONS = (
					"DEBUG=1",
					"$(inherited)",
				);
				GCC_WARN_64_TO_32_BIT_CONVERSION = YES;
				GCC_WARN_ABOUT_RETURN_TYPE = YES_ERROR;
				GCC_WARN_UNDECLARED_SELECTOR = YES;
				GCC_WARN_UNINITIALIZED_AUTOS = YES_AGGRESSIVE;
				GCC_WARN_UNUSED_FUNCTION = YES;
				GCC_WARN_UNUSED_VARIABLE = YES;
				IPHONEOS_DEPLOYMENT_TARGET = 9.0;
				MTL_ENABLE_DEBUG_INFO = INCLUDE_SOURCE;
				MTL_FAST_MATH = YES;
				ONLY_ACTIVE_ARCH = YES;
				SDKROOT = iphoneos;
			};
			name = Debug;
		};
		CB53311726CF47F4008A024D /* Release */ = {
			isa = XCBuildConfiguration;
			buildSettings = {
				ALWAYS_SEARCH_USER_PATHS = NO;
				CLANG_ANALYZER_NONNULL = YES;
				CLANG_ANALYZER_NUMBER_OBJECT_CONVERSION = YES_AGGRESSIVE;
				CLANG_CXX_LANGUAGE_STANDARD = "gnu++14";
				CLANG_CXX_LIBRARY = "libc++";
				CLANG_ENABLE_MODULES = YES;
				CLANG_ENABLE_OBJC_ARC = YES;
				CLANG_ENABLE_OBJC_WEAK = YES;
				CLANG_WARN_BLOCK_CAPTURE_AUTORELEASING = YES;
				CLANG_WARN_BOOL_CONVERSION = YES;
				CLANG_WARN_COMMA = YES;
				CLANG_WARN_CONSTANT_CONVERSION = YES;
				CLANG_WARN_DEPRECATED_OBJC_IMPLEMENTATIONS = YES;
				CLANG_WARN_DIRECT_OBJC_ISA_USAGE = YES_ERROR;
				CLANG_WARN_DOCUMENTATION_COMMENTS = YES;
				CLANG_WARN_EMPTY_BODY = YES;
				CLANG_WARN_ENUM_CONVERSION = YES;
				CLANG_WARN_INFINITE_RECURSION = YES;
				CLANG_WARN_INT_CONVERSION = YES;
				CLANG_WARN_NON_LITERAL_NULL_CONVERSION = YES;
				CLANG_WARN_OBJC_IMPLICIT_RETAIN_SELF = YES;
				CLANG_WARN_OBJC_LITERAL_CONVERSION = YES;
				CLANG_WARN_OBJC_ROOT_CLASS = YES_ERROR;
				CLANG_WARN_QUOTED_INCLUDE_IN_FRAMEWORK_HEADER = YES;
				CLANG_WARN_RANGE_LOOP_ANALYSIS = YES;
				CLANG_WARN_STRICT_PROTOTYPES = YES;
				CLANG_WARN_SUSPICIOUS_MOVE = YES;
				CLANG_WARN_UNGUARDED_AVAILABILITY = YES_AGGRESSIVE;
				CLANG_WARN_UNREACHABLE_CODE = YES;
				CLANG_WARN__DUPLICATE_METHOD_MATCH = YES;
				COPY_PHASE_STRIP = NO;
				DEBUG_INFORMATION_FORMAT = "dwarf-with-dsym";
				ENABLE_NS_ASSERTIONS = NO;
				ENABLE_STRICT_OBJC_MSGSEND = YES;
				GCC_C_LANGUAGE_STANDARD = gnu11;
				GCC_NO_COMMON_BLOCKS = YES;
				GCC_WARN_64_TO_32_BIT_CONVERSION = YES;
				GCC_WARN_ABOUT_RETURN_TYPE = YES_ERROR;
				GCC_WARN_UNDECLARED_SELECTOR = YES;
				GCC_WARN_UNINITIALIZED_AUTOS = YES_AGGRESSIVE;
				GCC_WARN_UNUSED_FUNCTION = YES;
				GCC_WARN_UNUSED_VARIABLE = YES;
				IPHONEOS_DEPLOYMENT_TARGET = 9.0;
				MTL_ENABLE_DEBUG_INFO = NO;
				MTL_FAST_MATH = YES;
				SDKROOT = iphoneos;
				VALIDATE_PRODUCT = YES;
			};
			name = Release;
		};
		CB53311926CF47F4008A024D /* Debug */ = {
			isa = XCBuildConfiguration;
			buildSettings = {
				ASSETCATALOG_COMPILER_APPICON_NAME = AppIcon;
				ASSETCATALOG_COMPILER_GLOBAL_ACCENT_COLOR_NAME = AccentColor;
				CLANG_ENABLE_MODULES = YES;
				CODE_SIGN_ENTITLEMENTS = hin2n/hin2n.entitlements;
				CODE_SIGN_STYLE = Automatic;
				DEVELOPMENT_TEAM = WC4U373T4F;
				INFOPLIST_FILE = hin2n/Info.plist;
				IPHONEOS_DEPLOYMENT_TARGET = 13.0;
				LD_RUNPATH_SEARCH_PATHS = (
					"$(inherited)",
					"@executable_path/Frameworks",
				);
				LIBRARY_SEARCH_PATHS = "$(PROJECT_DIR)/openssl/lib";
				PRODUCT_BUNDLE_IDENTIFIER = com.hin2n.demo.hin2n2;
				PRODUCT_NAME = "$(TARGET_NAME)";
				SUPPORTS_MACCATALYST = NO;
				SWIFT_OBJC_BRIDGING_HEADER = "hin2n/hin2n-Bridging-Header.h";
				SWIFT_OPTIMIZATION_LEVEL = "-Onone";
				SWIFT_VERSION = 5.0;
				TARGETED_DEVICE_FAMILY = "1,2";
			};
			name = Debug;
		};
		CB53311A26CF47F4008A024D /* Release */ = {
			isa = XCBuildConfiguration;
			buildSettings = {
				ASSETCATALOG_COMPILER_APPICON_NAME = AppIcon;
				ASSETCATALOG_COMPILER_GLOBAL_ACCENT_COLOR_NAME = AccentColor;
				CLANG_ENABLE_MODULES = YES;
				CODE_SIGN_ENTITLEMENTS = hin2n/hin2n.entitlements;
				CODE_SIGN_STYLE = Automatic;
				DEVELOPMENT_TEAM = WC4U373T4F;
				INFOPLIST_FILE = hin2n/Info.plist;
				IPHONEOS_DEPLOYMENT_TARGET = 13.0;
				LD_RUNPATH_SEARCH_PATHS = (
					"$(inherited)",
					"@executable_path/Frameworks",
				);
				LIBRARY_SEARCH_PATHS = "$(PROJECT_DIR)/openssl/lib";
				PRODUCT_BUNDLE_IDENTIFIER = com.hin2n.demo.hin2n2;
				PRODUCT_NAME = "$(TARGET_NAME)";
				SUPPORTS_MACCATALYST = NO;
				SWIFT_OBJC_BRIDGING_HEADER = "hin2n/hin2n-Bridging-Header.h";
				SWIFT_VERSION = 5.0;
				TARGETED_DEVICE_FAMILY = "1,2";
			};
			name = Release;
		};
		CB53311C26CF47F4008A024D /* Debug */ = {
			isa = XCBuildConfiguration;
			buildSettings = {
				BUNDLE_LOADER = "$(TEST_HOST)";
				CODE_SIGN_STYLE = Automatic;
				DEVELOPMENT_TEAM = WC4U373T4F;
				INFOPLIST_FILE = hin2nTests/Info.plist;
				IPHONEOS_DEPLOYMENT_TARGET = 14.5;
				LD_RUNPATH_SEARCH_PATHS = (
					"$(inherited)",
					"@executable_path/Frameworks",
					"@loader_path/Frameworks",
				);
				PRODUCT_BUNDLE_IDENTIFIER = com.hin2n.demo.hin2nTests;
				PRODUCT_NAME = "$(TARGET_NAME)";
				TARGETED_DEVICE_FAMILY = "1,2";
				TEST_HOST = "$(BUILT_PRODUCTS_DIR)/hin2n.app/hin2n";
			};
			name = Debug;
		};
		CB53311D26CF47F4008A024D /* Release */ = {
			isa = XCBuildConfiguration;
			buildSettings = {
				BUNDLE_LOADER = "$(TEST_HOST)";
				CODE_SIGN_STYLE = Automatic;
				DEVELOPMENT_TEAM = WC4U373T4F;
				INFOPLIST_FILE = hin2nTests/Info.plist;
				IPHONEOS_DEPLOYMENT_TARGET = 14.5;
				LD_RUNPATH_SEARCH_PATHS = (
					"$(inherited)",
					"@executable_path/Frameworks",
					"@loader_path/Frameworks",
				);
				PRODUCT_BUNDLE_IDENTIFIER = com.hin2n.demo.hin2nTests;
				PRODUCT_NAME = "$(TARGET_NAME)";
				TARGETED_DEVICE_FAMILY = "1,2";
				TEST_HOST = "$(BUILT_PRODUCTS_DIR)/hin2n.app/hin2n";
			};
			name = Release;
		};
		CB53311F26CF47F4008A024D /* Debug */ = {
			isa = XCBuildConfiguration;
			buildSettings = {
				CODE_SIGN_STYLE = Automatic;
				DEVELOPMENT_TEAM = WC4U373T4F;
				INFOPLIST_FILE = hin2nUITests/Info.plist;
				LD_RUNPATH_SEARCH_PATHS = (
					"$(inherited)",
					"@executable_path/Frameworks",
					"@loader_path/Frameworks",
				);
				PRODUCT_BUNDLE_IDENTIFIER = com.hin2n.demo.hin2nUITests;
				PRODUCT_NAME = "$(TARGET_NAME)";
				TARGETED_DEVICE_FAMILY = "1,2";
				TEST_TARGET_NAME = hin2n;
			};
			name = Debug;
		};
		CB53312026CF47F4008A024D /* Release */ = {
			isa = XCBuildConfiguration;
			buildSettings = {
				CODE_SIGN_STYLE = Automatic;
				DEVELOPMENT_TEAM = WC4U373T4F;
				INFOPLIST_FILE = hin2nUITests/Info.plist;
				LD_RUNPATH_SEARCH_PATHS = (
					"$(inherited)",
					"@executable_path/Frameworks",
					"@loader_path/Frameworks",
				);
				PRODUCT_BUNDLE_IDENTIFIER = com.hin2n.demo.hin2nUITests;
				PRODUCT_NAME = "$(TARGET_NAME)";
				TARGETED_DEVICE_FAMILY = "1,2";
				TEST_TARGET_NAME = hin2n;
			};
			name = Release;
		};
		CB7EE6C526D6188000DEA5EF /* Debug */ = {
			isa = XCBuildConfiguration;
			buildSettings = {
				CODE_SIGN_ENTITLEMENTS = Tunnel/Tunnel.entitlements;
				CODE_SIGN_STYLE = Automatic;
				DEVELOPMENT_TEAM = WC4U373T4F;
				INFOPLIST_FILE = Tunnel/Info.plist;
				IPHONEOS_DEPLOYMENT_TARGET = 13.0;
				LD_RUNPATH_SEARCH_PATHS = (
					"$(inherited)",
					"@executable_path/Frameworks",
					"@executable_path/../../Frameworks",
				);
				PRODUCT_BUNDLE_IDENTIFIER = com.hin2n.demo.hin2n2.Tunnel;
				PRODUCT_NAME = "$(TARGET_NAME)";
				SKIP_INSTALL = YES;
				SUPPORTS_MACCATALYST = NO;
				TARGETED_DEVICE_FAMILY = "1,2";
			};
			name = Debug;
		};
		CB7EE6C626D6188000DEA5EF /* Release */ = {
			isa = XCBuildConfiguration;
			buildSettings = {
				CODE_SIGN_ENTITLEMENTS = Tunnel/Tunnel.entitlements;
				CODE_SIGN_STYLE = Automatic;
				DEVELOPMENT_TEAM = WC4U373T4F;
				INFOPLIST_FILE = Tunnel/Info.plist;
				IPHONEOS_DEPLOYMENT_TARGET = 13.0;
				LD_RUNPATH_SEARCH_PATHS = (
					"$(inherited)",
					"@executable_path/Frameworks",
					"@executable_path/../../Frameworks",
				);
				PRODUCT_BUNDLE_IDENTIFIER = com.hin2n.demo.hin2n2.Tunnel;
				PRODUCT_NAME = "$(TARGET_NAME)";
				SKIP_INSTALL = YES;
				SUPPORTS_MACCATALYST = NO;
				TARGETED_DEVICE_FAMILY = "1,2";
			};
			name = Release;
		};
/* End XCBuildConfiguration section */

/* Begin XCConfigurationList section */
		CB5330E426CF47F1008A024D /* Build configuration list for PBXProject "hin2n" */ = {
			isa = XCConfigurationList;
			buildConfigurations = (
				CB53311626CF47F4008A024D /* Debug */,
				CB53311726CF47F4008A024D /* Release */,
			);
			defaultConfigurationIsVisible = 0;
			defaultConfigurationName = Release;
		};
		CB53311826CF47F4008A024D /* Build configuration list for PBXNativeTarget "hin2n" */ = {
			isa = XCConfigurationList;
			buildConfigurations = (
				CB53311926CF47F4008A024D /* Debug */,
				CB53311A26CF47F4008A024D /* Release */,
			);
			defaultConfigurationIsVisible = 0;
			defaultConfigurationName = Release;
		};
		CB53311B26CF47F4008A024D /* Build configuration list for PBXNativeTarget "hin2nTests" */ = {
			isa = XCConfigurationList;
			buildConfigurations = (
				CB53311C26CF47F4008A024D /* Debug */,
				CB53311D26CF47F4008A024D /* Release */,
			);
			defaultConfigurationIsVisible = 0;
			defaultConfigurationName = Release;
		};
		CB53311E26CF47F4008A024D /* Build configuration list for PBXNativeTarget "hin2nUITests" */ = {
			isa = XCConfigurationList;
			buildConfigurations = (
				CB53311F26CF47F4008A024D /* Debug */,
				CB53312026CF47F4008A024D /* Release */,
			);
			defaultConfigurationIsVisible = 0;
			defaultConfigurationName = Release;
		};
		CB7EE6C926D6188000DEA5EF /* Build configuration list for PBXNativeTarget "Tunnel" */ = {
			isa = XCConfigurationList;
			buildConfigurations = (
				CB7EE6C526D6188000DEA5EF /* Debug */,
				CB7EE6C626D6188000DEA5EF /* Release */,
			);
			defaultConfigurationIsVisible = 0;
			defaultConfigurationName = Release;
		};
/* End XCConfigurationList section */
	};
	rootObject = CB5330E126CF47F1008A024D /* Project object */;
}
